// !$*UTF8*$!
{
	archiveVersion = 1;
	classes = {
	};
	objectVersion = 46;
	objects = {

/* Begin PBXBuildFile section */
		BBAB23CB13894F3D00AA2426 /* GLUT.framework in CopyFiles */ = {isa = PBXBuildFile; fileRef = BBAB23BE13894E4700AA2426 /* GLUT.framework */; };
		E4328149138ABC9F0047C5CB /* openFrameworksDebug.a in Frameworks */ = {isa = PBXBuildFile; fileRef = E4328148138ABC890047C5CB /* openFrameworksDebug.a */; };
		E45BE97B0E8CC7DD009D7055 /* AGL.framework in Frameworks */ = {isa = PBXBuildFile; fileRef = E45BE9710E8CC7DD009D7055 /* AGL.framework */; };
		E45BE97C0E8CC7DD009D7055 /* ApplicationServices.framework in Frameworks */ = {isa = PBXBuildFile; fileRef = E45BE9720E8CC7DD009D7055 /* ApplicationServices.framework */; };
		E45BE97D0E8CC7DD009D7055 /* AudioToolbox.framework in Frameworks */ = {isa = PBXBuildFile; fileRef = E45BE9730E8CC7DD009D7055 /* AudioToolbox.framework */; };
		E45BE97E0E8CC7DD009D7055 /* Carbon.framework in Frameworks */ = {isa = PBXBuildFile; fileRef = E45BE9740E8CC7DD009D7055 /* Carbon.framework */; };
		E45BE97F0E8CC7DD009D7055 /* CoreAudio.framework in Frameworks */ = {isa = PBXBuildFile; fileRef = E45BE9750E8CC7DD009D7055 /* CoreAudio.framework */; };
		E45BE9800E8CC7DD009D7055 /* CoreFoundation.framework in Frameworks */ = {isa = PBXBuildFile; fileRef = E45BE9760E8CC7DD009D7055 /* CoreFoundation.framework */; };
		E45BE9810E8CC7DD009D7055 /* CoreServices.framework in Frameworks */ = {isa = PBXBuildFile; fileRef = E45BE9770E8CC7DD009D7055 /* CoreServices.framework */; };
		E45BE9830E8CC7DD009D7055 /* OpenGL.framework in Frameworks */ = {isa = PBXBuildFile; fileRef = E45BE9790E8CC7DD009D7055 /* OpenGL.framework */; };
		E45BE9840E8CC7DD009D7055 /* QuickTime.framework in Frameworks */ = {isa = PBXBuildFile; fileRef = E45BE97A0E8CC7DD009D7055 /* QuickTime.framework */; };
		E4B69E200A3A1BDC003C02F2 /* main.cpp in Sources */ = {isa = PBXBuildFile; fileRef = E4B69E1D0A3A1BDC003C02F2 /* main.cpp */; };
		E4B69E210A3A1BDC003C02F2 /* testApp.cpp in Sources */ = {isa = PBXBuildFile; fileRef = E4B69E1E0A3A1BDC003C02F2 /* testApp.cpp */; };
		E4C2424710CC5A17004149E2 /* AppKit.framework in Frameworks */ = {isa = PBXBuildFile; fileRef = E4C2424410CC5A17004149E2 /* AppKit.framework */; };
		E4C2424810CC5A17004149E2 /* Cocoa.framework in Frameworks */ = {isa = PBXBuildFile; fileRef = E4C2424510CC5A17004149E2 /* Cocoa.framework */; };
		E4C2424910CC5A17004149E2 /* IOKit.framework in Frameworks */ = {isa = PBXBuildFile; fileRef = E4C2424610CC5A17004149E2 /* IOKit.framework */; };
		E4EB6799138ADC1D00A09F29 /* GLUT.framework in Frameworks */ = {isa = PBXBuildFile; fileRef = BBAB23BE13894E4700AA2426 /* GLUT.framework */; };
		ED7B383215BEEFC90041C640 /* cameras.c in Sources */ = {isa = PBXBuildFile; fileRef = ED7B37E215BEEFC90041C640 /* cameras.c */; };
		ED7B383315BEEFC90041C640 /* core.c in Sources */ = {isa = PBXBuildFile; fileRef = ED7B37E315BEEFC90041C640 /* core.c */; };
		ED7B383415BEEFC90041C640 /* freenect.lib in Frameworks */ = {isa = PBXBuildFile; fileRef = ED7B37E815BEEFC90041C640 /* freenect.lib */; };
		ED7B383515BEEFC90041C640 /* tilt.c in Sources */ = {isa = PBXBuildFile; fileRef = ED7B37EC15BEEFC90041C640 /* tilt.c */; };
		ED7B383615BEEFC90041C640 /* usb_libusb10.c in Sources */ = {isa = PBXBuildFile; fileRef = ED7B37ED15BEEFC90041C640 /* usb_libusb10.c */; };
		ED7B383715BEEFC90041C640 /* usb-1.0.a in Frameworks */ = {isa = PBXBuildFile; fileRef = ED7B37F515BEEFC90041C640 /* usb-1.0.a */; };
		ED7B383815BEEFC90041C640 /* ofxKinect.cpp in Sources */ = {isa = PBXBuildFile; fileRef = ED7B382A15BEEFC90041C640 /* ofxKinect.cpp */; };
		ED7B383915BEEFC90041C640 /* ofxKinectCalibration.cpp in Sources */ = {isa = PBXBuildFile; fileRef = ED7B382C15BEEFC90041C640 /* ofxKinectCalibration.cpp */; };
		ED7B383A15BEEFC90041C640 /* ofxKinectPlayer.cpp in Sources */ = {isa = PBXBuildFile; fileRef = ED7B382E15BEEFC90041C640 /* ofxKinectPlayer.cpp */; };
		ED7B383B15BEEFC90041C640 /* ofxKinectRecorder.cpp in Sources */ = {isa = PBXBuildFile; fileRef = ED7B383015BEEFC90041C640 /* ofxKinectRecorder.cpp */; };
		ED7B38CB15BEF2F10041C640 /* opencv.a in Frameworks */ = {isa = PBXBuildFile; fileRef = ED7B38B715BEF2F10041C640 /* opencv.a */; };
		ED7B38CC15BEF2F10041C640 /* ofxCvColorImage.cpp in Sources */ = {isa = PBXBuildFile; fileRef = ED7B38BA15BEF2F10041C640 /* ofxCvColorImage.cpp */; };
		ED7B38CD15BEF2F10041C640 /* ofxCvContourFinder.cpp in Sources */ = {isa = PBXBuildFile; fileRef = ED7B38BD15BEF2F10041C640 /* ofxCvContourFinder.cpp */; };
		ED7B38CE15BEF2F10041C640 /* ofxCvFloatImage.cpp in Sources */ = {isa = PBXBuildFile; fileRef = ED7B38BF15BEF2F10041C640 /* ofxCvFloatImage.cpp */; };
		ED7B38CF15BEF2F10041C640 /* ofxCvGrayscaleImage.cpp in Sources */ = {isa = PBXBuildFile; fileRef = ED7B38C115BEF2F10041C640 /* ofxCvGrayscaleImage.cpp */; };
		ED7B38D015BEF2F10041C640 /* ofxCvHaarFinder.cpp in Sources */ = {isa = PBXBuildFile; fileRef = ED7B38C315BEF2F10041C640 /* ofxCvHaarFinder.cpp */; };
		ED7B38D115BEF2F10041C640 /* ofxCvImage.cpp in Sources */ = {isa = PBXBuildFile; fileRef = ED7B38C515BEF2F10041C640 /* ofxCvImage.cpp */; };
		ED7B38D215BEF2F10041C640 /* ofxCvShortImage.cpp in Sources */ = {isa = PBXBuildFile; fileRef = ED7B38C815BEF2F10041C640 /* ofxCvShortImage.cpp */; };
		ED7B38DF15BEF6860041C640 /* kinectorApp.cpp in Sources */ = {isa = PBXBuildFile; fileRef = ED7B38DE15BEF6860041C640 /* kinectorApp.cpp */; };
/* End PBXBuildFile section */

/* Begin PBXContainerItemProxy section */
		E4328147138ABC890047C5CB /* PBXContainerItemProxy */ = {
			isa = PBXContainerItemProxy;
			containerPortal = E4328143138ABC890047C5CB /* openFrameworksLib.xcodeproj */;
			proxyType = 2;
			remoteGlobalIDString = E4B27C1510CBEB8E00536013;
			remoteInfo = openFrameworks;
		};
		E4EEB9AB138B136A00A80321 /* PBXContainerItemProxy */ = {
			isa = PBXContainerItemProxy;
			containerPortal = E4328143138ABC890047C5CB /* openFrameworksLib.xcodeproj */;
			proxyType = 1;
			remoteGlobalIDString = E4B27C1410CBEB8E00536013;
			remoteInfo = openFrameworks;
		};
/* End PBXContainerItemProxy section */

/* Begin PBXCopyFilesBuildPhase section */
		E4C2427710CC5ABF004149E2 /* CopyFiles */ = {
			isa = PBXCopyFilesBuildPhase;
			buildActionMask = 2147483647;
			dstPath = "";
			dstSubfolderSpec = 10;
			files = (
				BBAB23CB13894F3D00AA2426 /* GLUT.framework in CopyFiles */,
			);
			runOnlyForDeploymentPostprocessing = 0;
		};
/* End PBXCopyFilesBuildPhase section */

/* Begin PBXFileReference section */
		BBAB23BE13894E4700AA2426 /* GLUT.framework */ = {isa = PBXFileReference; lastKnownFileType = wrapper.framework; name = GLUT.framework; path = ../../../libs/glut/lib/osx/GLUT.framework; sourceTree = "<group>"; };
		E4328143138ABC890047C5CB /* openFrameworksLib.xcodeproj */ = {isa = PBXFileReference; lastKnownFileType = "wrapper.pb-project"; name = openFrameworksLib.xcodeproj; path = ../../../libs/openFrameworksCompiled/project/osx/openFrameworksLib.xcodeproj; sourceTree = SOURCE_ROOT; };
		E45BE9710E8CC7DD009D7055 /* AGL.framework */ = {isa = PBXFileReference; lastKnownFileType = wrapper.framework; name = AGL.framework; path = /System/Library/Frameworks/AGL.framework; sourceTree = "<absolute>"; };
		E45BE9720E8CC7DD009D7055 /* ApplicationServices.framework */ = {isa = PBXFileReference; lastKnownFileType = wrapper.framework; name = ApplicationServices.framework; path = /System/Library/Frameworks/ApplicationServices.framework; sourceTree = "<absolute>"; };
		E45BE9730E8CC7DD009D7055 /* AudioToolbox.framework */ = {isa = PBXFileReference; lastKnownFileType = wrapper.framework; name = AudioToolbox.framework; path = /System/Library/Frameworks/AudioToolbox.framework; sourceTree = "<absolute>"; };
		E45BE9740E8CC7DD009D7055 /* Carbon.framework */ = {isa = PBXFileReference; lastKnownFileType = wrapper.framework; name = Carbon.framework; path = /System/Library/Frameworks/Carbon.framework; sourceTree = "<absolute>"; };
		E45BE9750E8CC7DD009D7055 /* CoreAudio.framework */ = {isa = PBXFileReference; lastKnownFileType = wrapper.framework; name = CoreAudio.framework; path = /System/Library/Frameworks/CoreAudio.framework; sourceTree = "<absolute>"; };
		E45BE9760E8CC7DD009D7055 /* CoreFoundation.framework */ = {isa = PBXFileReference; lastKnownFileType = wrapper.framework; name = CoreFoundation.framework; path = /System/Library/Frameworks/CoreFoundation.framework; sourceTree = "<absolute>"; };
		E45BE9770E8CC7DD009D7055 /* CoreServices.framework */ = {isa = PBXFileReference; lastKnownFileType = wrapper.framework; name = CoreServices.framework; path = /System/Library/Frameworks/CoreServices.framework; sourceTree = "<absolute>"; };
		E45BE9790E8CC7DD009D7055 /* OpenGL.framework */ = {isa = PBXFileReference; lastKnownFileType = wrapper.framework; name = OpenGL.framework; path = /System/Library/Frameworks/OpenGL.framework; sourceTree = "<absolute>"; };
		E45BE97A0E8CC7DD009D7055 /* QuickTime.framework */ = {isa = PBXFileReference; lastKnownFileType = wrapper.framework; name = QuickTime.framework; path = /System/Library/Frameworks/QuickTime.framework; sourceTree = "<absolute>"; };
		E4B69B5B0A3A1756003C02F2 /* KinectTorDebug.app */ = {isa = PBXFileReference; explicitFileType = wrapper.application; includeInIndex = 0; path = KinectTorDebug.app; sourceTree = BUILT_PRODUCTS_DIR; };
		E4B69E1D0A3A1BDC003C02F2 /* main.cpp */ = {isa = PBXFileReference; fileEncoding = 30; lastKnownFileType = sourcecode.cpp.cpp; name = main.cpp; path = src/main.cpp; sourceTree = SOURCE_ROOT; };
		E4B69E1E0A3A1BDC003C02F2 /* testApp.cpp */ = {isa = PBXFileReference; explicitFileType = sourcecode.cpp.cpp; fileEncoding = 30; name = testApp.cpp; path = src/testApp.cpp; sourceTree = SOURCE_ROOT; };
		E4B69E1F0A3A1BDC003C02F2 /* testApp.h */ = {isa = PBXFileReference; fileEncoding = 30; lastKnownFileType = sourcecode.c.h; name = testApp.h; path = src/testApp.h; sourceTree = SOURCE_ROOT; };
		E4B6FCAD0C3E899E008CF71C /* openFrameworks-Info.plist */ = {isa = PBXFileReference; fileEncoding = 30; lastKnownFileType = text.plist.xml; path = "openFrameworks-Info.plist"; sourceTree = "<group>"; };
		E4C2424410CC5A17004149E2 /* AppKit.framework */ = {isa = PBXFileReference; lastKnownFileType = wrapper.framework; name = AppKit.framework; path = /System/Library/Frameworks/AppKit.framework; sourceTree = "<absolute>"; };
		E4C2424510CC5A17004149E2 /* Cocoa.framework */ = {isa = PBXFileReference; lastKnownFileType = wrapper.framework; name = Cocoa.framework; path = /System/Library/Frameworks/Cocoa.framework; sourceTree = "<absolute>"; };
		E4C2424610CC5A17004149E2 /* IOKit.framework */ = {isa = PBXFileReference; lastKnownFileType = wrapper.framework; name = IOKit.framework; path = /System/Library/Frameworks/IOKit.framework; sourceTree = "<absolute>"; };
		E4EB691F138AFCF100A09F29 /* CoreOF.xcconfig */ = {isa = PBXFileReference; fileEncoding = 4; lastKnownFileType = text.xcconfig; name = CoreOF.xcconfig; path = ../../../libs/openFrameworksCompiled/project/osx/CoreOF.xcconfig; sourceTree = SOURCE_ROOT; };
		E4EB6923138AFD0F00A09F29 /* Project.xcconfig */ = {isa = PBXFileReference; fileEncoding = 4; lastKnownFileType = text.xcconfig; path = Project.xcconfig; sourceTree = "<group>"; };
		ED7B37E215BEEFC90041C640 /* cameras.c */ = {isa = PBXFileReference; fileEncoding = 4; lastKnownFileType = sourcecode.c.c; path = cameras.c; sourceTree = "<group>"; };
		ED7B37E315BEEFC90041C640 /* core.c */ = {isa = PBXFileReference; fileEncoding = 4; lastKnownFileType = sourcecode.c.c; path = core.c; sourceTree = "<group>"; };
		ED7B37E415BEEFC90041C640 /* freenect_internal.h */ = {isa = PBXFileReference; fileEncoding = 4; lastKnownFileType = sourcecode.c.h; path = freenect_internal.h; sourceTree = "<group>"; };
		ED7B37E715BEEFC90041C640 /* freenect.dll */ = {isa = PBXFileReference; lastKnownFileType = file; path = freenect.dll; sourceTree = "<group>"; };
		ED7B37E815BEEFC90041C640 /* freenect.lib */ = {isa = PBXFileReference; lastKnownFileType = archive.ar; path = freenect.lib; sourceTree = "<group>"; };
		ED7B37E915BEEFC90041C640 /* libfreenect.h */ = {isa = PBXFileReference; fileEncoding = 4; lastKnownFileType = sourcecode.c.h; path = libfreenect.h; sourceTree = "<group>"; };
		ED7B37EA15BEEFC90041C640 /* libfreenect.hpp */ = {isa = PBXFileReference; fileEncoding = 4; lastKnownFileType = sourcecode.cpp.h; path = libfreenect.hpp; sourceTree = "<group>"; };
		ED7B37EB15BEEFC90041C640 /* libfreenect.pc.in */ = {isa = PBXFileReference; fileEncoding = 4; lastKnownFileType = text; path = libfreenect.pc.in; sourceTree = "<group>"; };
		ED7B37EC15BEEFC90041C640 /* tilt.c */ = {isa = PBXFileReference; fileEncoding = 4; lastKnownFileType = sourcecode.c.c; path = tilt.c; sourceTree = "<group>"; };
		ED7B37ED15BEEFC90041C640 /* usb_libusb10.c */ = {isa = PBXFileReference; fileEncoding = 4; lastKnownFileType = sourcecode.c.c; path = usb_libusb10.c; sourceTree = "<group>"; };
		ED7B37EE15BEEFC90041C640 /* usb_libusb10.h */ = {isa = PBXFileReference; fileEncoding = 4; lastKnownFileType = sourcecode.c.h; path = usb_libusb10.h; sourceTree = "<group>"; };
		ED7B37F315BEEFC90041C640 /* libusb.h */ = {isa = PBXFileReference; fileEncoding = 4; lastKnownFileType = sourcecode.c.h; path = libusb.h; sourceTree = "<group>"; };
		ED7B37F515BEEFC90041C640 /* usb-1.0.a */ = {isa = PBXFileReference; lastKnownFileType = archive.ar; path = "usb-1.0.a"; sourceTree = "<group>"; };
		ED7B37FA15BEEFC90041C640 /* libusb0.dll */ = {isa = PBXFileReference; lastKnownFileType = file; path = libusb0.dll; sourceTree = "<group>"; };
		ED7B37FB15BEEFC90041C640 /* libusb0.sys */ = {isa = PBXFileReference; lastKnownFileType = file; path = libusb0.sys; sourceTree = "<group>"; };
		ED7B37FD15BEEFC90041C640 /* libusb0.dll */ = {isa = PBXFileReference; lastKnownFileType = file; path = libusb0.dll; sourceTree = "<group>"; };
		ED7B37FE15BEEFC90041C640 /* libusb0.sys */ = {isa = PBXFileReference; lastKnownFileType = file; path = libusb0.sys; sourceTree = "<group>"; };
		ED7B37FF15BEEFC90041C640 /* libusb-win32-bin-README.txt */ = {isa = PBXFileReference; fileEncoding = 4; lastKnownFileType = text; path = "libusb-win32-bin-README.txt"; sourceTree = "<group>"; };
		ED7B380215BEEFC90041C640 /* installer_license.txt */ = {isa = PBXFileReference; fileEncoding = 4; lastKnownFileType = text; path = installer_license.txt; sourceTree = "<group>"; };
		ED7B380415BEEFC90041C640 /* libusb0.sys */ = {isa = PBXFileReference; lastKnownFileType = file; path = libusb0.sys; sourceTree = "<group>"; };
		ED7B380515BEEFC90041C640 /* libusb0_x86.dll */ = {isa = PBXFileReference; lastKnownFileType = file; path = libusb0_x86.dll; sourceTree = "<group>"; };
		ED7B380615BEEFC90041C640 /* Xbox_NUI_Audio.cat */ = {isa = PBXFileReference; lastKnownFileType = file; path = Xbox_NUI_Audio.cat; sourceTree = "<group>"; };
		ED7B380715BEEFC90041C640 /* Xbox_NUI_Audio.inf */ = {isa = PBXFileReference; fileEncoding = 4; lastKnownFileType = text; path = Xbox_NUI_Audio.inf; sourceTree = "<group>"; };
		ED7B380A15BEEFC90041C640 /* libusb0.dll */ = {isa = PBXFileReference; lastKnownFileType = file; path = libusb0.dll; sourceTree = "<group>"; };
		ED7B380B15BEEFC90041C640 /* libusb0.sys */ = {isa = PBXFileReference; lastKnownFileType = file; path = libusb0.sys; sourceTree = "<group>"; };
		ED7B380D15BEEFC90041C640 /* libusb0.dll */ = {isa = PBXFileReference; lastKnownFileType = file; path = libusb0.dll; sourceTree = "<group>"; };
		ED7B380E15BEEFC90041C640 /* libusb0.sys */ = {isa = PBXFileReference; lastKnownFileType = file; path = libusb0.sys; sourceTree = "<group>"; };
		ED7B380F15BEEFC90041C640 /* libusb-win32-bin-README.txt */ = {isa = PBXFileReference; fileEncoding = 4; lastKnownFileType = text; path = "libusb-win32-bin-README.txt"; sourceTree = "<group>"; };
		ED7B381215BEEFC90041C640 /* installer_license.txt */ = {isa = PBXFileReference; fileEncoding = 4; lastKnownFileType = text; path = installer_license.txt; sourceTree = "<group>"; };
		ED7B381415BEEFC90041C640 /* libusb0.sys */ = {isa = PBXFileReference; lastKnownFileType = file; path = libusb0.sys; sourceTree = "<group>"; };
		ED7B381515BEEFC90041C640 /* libusb0_x86.dll */ = {isa = PBXFileReference; lastKnownFileType = file; path = libusb0_x86.dll; sourceTree = "<group>"; };
		ED7B381615BEEFC90041C640 /* Xbox_NUI_Camera.cat */ = {isa = PBXFileReference; lastKnownFileType = file; path = Xbox_NUI_Camera.cat; sourceTree = "<group>"; };
		ED7B381715BEEFC90041C640 /* Xbox_NUI_Camera.inf */ = {isa = PBXFileReference; fileEncoding = 4; lastKnownFileType = text; path = Xbox_NUI_Camera.inf; sourceTree = "<group>"; };
		ED7B381A15BEEFC90041C640 /* libusb0.dll */ = {isa = PBXFileReference; lastKnownFileType = file; path = libusb0.dll; sourceTree = "<group>"; };
		ED7B381B15BEEFC90041C640 /* libusb0.sys */ = {isa = PBXFileReference; lastKnownFileType = file; path = libusb0.sys; sourceTree = "<group>"; };
		ED7B381D15BEEFC90041C640 /* libusb0.dll */ = {isa = PBXFileReference; lastKnownFileType = file; path = libusb0.dll; sourceTree = "<group>"; };
		ED7B381E15BEEFC90041C640 /* libusb0.sys */ = {isa = PBXFileReference; lastKnownFileType = file; path = libusb0.sys; sourceTree = "<group>"; };
		ED7B381F15BEEFC90041C640 /* libusb-win32-bin-README.txt */ = {isa = PBXFileReference; fileEncoding = 4; lastKnownFileType = text; path = "libusb-win32-bin-README.txt"; sourceTree = "<group>"; };
		ED7B382215BEEFC90041C640 /* installer_license.txt */ = {isa = PBXFileReference; fileEncoding = 4; lastKnownFileType = text; path = installer_license.txt; sourceTree = "<group>"; };
		ED7B382415BEEFC90041C640 /* libusb0.sys */ = {isa = PBXFileReference; lastKnownFileType = file; path = libusb0.sys; sourceTree = "<group>"; };
		ED7B382515BEEFC90041C640 /* libusb0_x86.dll */ = {isa = PBXFileReference; lastKnownFileType = file; path = libusb0_x86.dll; sourceTree = "<group>"; };
		ED7B382615BEEFC90041C640 /* Xbox_NUI_Motor.cat */ = {isa = PBXFileReference; lastKnownFileType = file; path = Xbox_NUI_Motor.cat; sourceTree = "<group>"; };
		ED7B382715BEEFC90041C640 /* Xbox_NUI_Motor.inf */ = {isa = PBXFileReference; fileEncoding = 4; lastKnownFileType = text; path = Xbox_NUI_Motor.inf; sourceTree = "<group>"; };
		ED7B382915BEEFC90041C640 /* ofxBase3DVideo.h */ = {isa = PBXFileReference; fileEncoding = 4; lastKnownFileType = sourcecode.c.h; path = ofxBase3DVideo.h; sourceTree = "<group>"; };
		ED7B382A15BEEFC90041C640 /* ofxKinect.cpp */ = {isa = PBXFileReference; fileEncoding = 4; lastKnownFileType = sourcecode.cpp.cpp; path = ofxKinect.cpp; sourceTree = "<group>"; };
		ED7B382B15BEEFC90041C640 /* ofxKinect.h */ = {isa = PBXFileReference; fileEncoding = 4; lastKnownFileType = sourcecode.c.h; path = ofxKinect.h; sourceTree = "<group>"; };
		ED7B382C15BEEFC90041C640 /* ofxKinectCalibration.cpp */ = {isa = PBXFileReference; fileEncoding = 4; lastKnownFileType = sourcecode.cpp.cpp; path = ofxKinectCalibration.cpp; sourceTree = "<group>"; };
		ED7B382D15BEEFC90041C640 /* ofxKinectCalibration.h */ = {isa = PBXFileReference; fileEncoding = 4; lastKnownFileType = sourcecode.c.h; path = ofxKinectCalibration.h; sourceTree = "<group>"; };
		ED7B382E15BEEFC90041C640 /* ofxKinectPlayer.cpp */ = {isa = PBXFileReference; fileEncoding = 4; lastKnownFileType = sourcecode.cpp.cpp; path = ofxKinectPlayer.cpp; sourceTree = "<group>"; };
		ED7B382F15BEEFC90041C640 /* ofxKinectPlayer.h */ = {isa = PBXFileReference; fileEncoding = 4; lastKnownFileType = sourcecode.c.h; path = ofxKinectPlayer.h; sourceTree = "<group>"; };
		ED7B383015BEEFC90041C640 /* ofxKinectRecorder.cpp */ = {isa = PBXFileReference; fileEncoding = 4; lastKnownFileType = sourcecode.cpp.cpp; path = ofxKinectRecorder.cpp; sourceTree = "<group>"; };
		ED7B383115BEEFC90041C640 /* ofxKinectRecorder.h */ = {isa = PBXFileReference; fileEncoding = 4; lastKnownFileType = sourcecode.c.h; path = ofxKinectRecorder.h; sourceTree = "<group>"; };
		ED7B385515BEF2F10041C640 /* cv.h */ = {isa = PBXFileReference; fileEncoding = 4; lastKnownFileType = sourcecode.c.h; path = cv.h; sourceTree = "<group>"; };
		ED7B385615BEF2F10041C640 /* cv.hpp */ = {isa = PBXFileReference; fileEncoding = 4; lastKnownFileType = sourcecode.cpp.h; path = cv.hpp; sourceTree = "<group>"; };
		ED7B385715BEF2F10041C640 /* cvaux.h */ = {isa = PBXFileReference; fileEncoding = 4; lastKnownFileType = sourcecode.c.h; path = cvaux.h; sourceTree = "<group>"; };
		ED7B385815BEF2F10041C640 /* cvaux.hpp */ = {isa = PBXFileReference; fileEncoding = 4; lastKnownFileType = sourcecode.cpp.h; path = cvaux.hpp; sourceTree = "<group>"; };
		ED7B385915BEF2F10041C640 /* cvwimage.h */ = {isa = PBXFileReference; fileEncoding = 4; lastKnownFileType = sourcecode.c.h; path = cvwimage.h; sourceTree = "<group>"; };
		ED7B385A15BEF2F10041C640 /* cxcore.h */ = {isa = PBXFileReference; fileEncoding = 4; lastKnownFileType = sourcecode.c.h; path = cxcore.h; sourceTree = "<group>"; };
		ED7B385B15BEF2F10041C640 /* cxcore.hpp */ = {isa = PBXFileReference; fileEncoding = 4; lastKnownFileType = sourcecode.cpp.h; path = cxcore.hpp; sourceTree = "<group>"; };
		ED7B385C15BEF2F10041C640 /* cxeigen.hpp */ = {isa = PBXFileReference; fileEncoding = 4; lastKnownFileType = sourcecode.cpp.h; path = cxeigen.hpp; sourceTree = "<group>"; };
		ED7B385D15BEF2F10041C640 /* cxmisc.h */ = {isa = PBXFileReference; fileEncoding = 4; lastKnownFileType = sourcecode.c.h; path = cxmisc.h; sourceTree = "<group>"; };
		ED7B385E15BEF2F10041C640 /* highgui.h */ = {isa = PBXFileReference; fileEncoding = 4; lastKnownFileType = sourcecode.c.h; path = highgui.h; sourceTree = "<group>"; };
		ED7B385F15BEF2F10041C640 /* ml.h */ = {isa = PBXFileReference; fileEncoding = 4; lastKnownFileType = sourcecode.c.h; path = ml.h; sourceTree = "<group>"; };
		ED7B386215BEF2F10041C640 /* calib3d.hpp */ = {isa = PBXFileReference; fileEncoding = 4; lastKnownFileType = sourcecode.cpp.h; path = calib3d.hpp; sourceTree = "<group>"; };
		ED7B386415BEF2F10041C640 /* contrib.hpp */ = {isa = PBXFileReference; fileEncoding = 4; lastKnownFileType = sourcecode.cpp.h; path = contrib.hpp; sourceTree = "<group>"; };
		ED7B386515BEF2F10041C640 /* retina.hpp */ = {isa = PBXFileReference; fileEncoding = 4; lastKnownFileType = sourcecode.cpp.h; path = retina.hpp; sourceTree = "<group>"; };
		ED7B386715BEF2F10041C640 /* core.hpp */ = {isa = PBXFileReference; fileEncoding = 4; lastKnownFileType = sourcecode.cpp.h; path = core.hpp; sourceTree = "<group>"; };
		ED7B386815BEF2F10041C640 /* core_c.h */ = {isa = PBXFileReference; fileEncoding = 4; lastKnownFileType = sourcecode.c.h; path = core_c.h; sourceTree = "<group>"; };
		ED7B386915BEF2F10041C640 /* eigen.hpp */ = {isa = PBXFileReference; fileEncoding = 4; lastKnownFileType = sourcecode.cpp.h; path = eigen.hpp; sourceTree = "<group>"; };
		ED7B386A15BEF2F10041C640 /* internal.hpp */ = {isa = PBXFileReference; fileEncoding = 4; lastKnownFileType = sourcecode.cpp.h; path = internal.hpp; sourceTree = "<group>"; };
		ED7B386B15BEF2F10041C640 /* mat.hpp */ = {isa = PBXFileReference; fileEncoding = 4; lastKnownFileType = sourcecode.cpp.h; path = mat.hpp; sourceTree = "<group>"; };
		ED7B386C15BEF2F10041C640 /* operations.hpp */ = {isa = PBXFileReference; fileEncoding = 4; lastKnownFileType = sourcecode.cpp.h; path = operations.hpp; sourceTree = "<group>"; };
		ED7B386D15BEF2F10041C640 /* types_c.h */ = {isa = PBXFileReference; fileEncoding = 4; lastKnownFileType = sourcecode.c.h; path = types_c.h; sourceTree = "<group>"; };
		ED7B386E15BEF2F10041C640 /* version.hpp */ = {isa = PBXFileReference; fileEncoding = 4; lastKnownFileType = sourcecode.cpp.h; path = version.hpp; sourceTree = "<group>"; };
		ED7B386F15BEF2F10041C640 /* wimage.hpp */ = {isa = PBXFileReference; fileEncoding = 4; lastKnownFileType = sourcecode.cpp.h; path = wimage.hpp; sourceTree = "<group>"; };
		ED7B387115BEF2F10041C640 /* features2d.hpp */ = {isa = PBXFileReference; fileEncoding = 4; lastKnownFileType = sourcecode.cpp.h; path = features2d.hpp; sourceTree = "<group>"; };
		ED7B387315BEF2F10041C640 /* all_indices.h */ = {isa = PBXFileReference; fileEncoding = 4; lastKnownFileType = sourcecode.c.h; path = all_indices.h; sourceTree = "<group>"; };
		ED7B387415BEF2F10041C640 /* allocator.h */ = {isa = PBXFileReference; fileEncoding = 4; lastKnownFileType = sourcecode.c.h; path = allocator.h; sourceTree = "<group>"; };
		ED7B387515BEF2F10041C640 /* any.h */ = {isa = PBXFileReference; fileEncoding = 4; lastKnownFileType = sourcecode.c.h; path = any.h; sourceTree = "<group>"; };
		ED7B387615BEF2F10041C640 /* autotuned_index.h */ = {isa = PBXFileReference; fileEncoding = 4; lastKnownFileType = sourcecode.c.h; path = autotuned_index.h; sourceTree = "<group>"; };
		ED7B387715BEF2F10041C640 /* composite_index.h */ = {isa = PBXFileReference; fileEncoding = 4; lastKnownFileType = sourcecode.c.h; path = composite_index.h; sourceTree = "<group>"; };
		ED7B387815BEF2F10041C640 /* config.h */ = {isa = PBXFileReference; fileEncoding = 4; lastKnownFileType = sourcecode.c.h; path = config.h; sourceTree = "<group>"; };
		ED7B387915BEF2F10041C640 /* defines.h */ = {isa = PBXFileReference; fileEncoding = 4; lastKnownFileType = sourcecode.c.h; path = defines.h; sourceTree = "<group>"; };
		ED7B387A15BEF2F10041C640 /* dist.h */ = {isa = PBXFileReference; fileEncoding = 4; lastKnownFileType = sourcecode.c.h; path = dist.h; sourceTree = "<group>"; };
		ED7B387B15BEF2F10041C640 /* dummy.h */ = {isa = PBXFileReference; fileEncoding = 4; lastKnownFileType = sourcecode.c.h; path = dummy.h; sourceTree = "<group>"; };
		ED7B387C15BEF2F10041C640 /* dynamic_bitset.h */ = {isa = PBXFileReference; fileEncoding = 4; lastKnownFileType = sourcecode.c.h; path = dynamic_bitset.h; sourceTree = "<group>"; };
		ED7B387D15BEF2F10041C640 /* flann.hpp */ = {isa = PBXFileReference; fileEncoding = 4; lastKnownFileType = sourcecode.cpp.h; path = flann.hpp; sourceTree = "<group>"; };
		ED7B387E15BEF2F10041C640 /* flann_base.hpp */ = {isa = PBXFileReference; fileEncoding = 4; lastKnownFileType = sourcecode.cpp.h; path = flann_base.hpp; sourceTree = "<group>"; };
		ED7B387F15BEF2F10041C640 /* general.h */ = {isa = PBXFileReference; fileEncoding = 4; lastKnownFileType = sourcecode.c.h; path = general.h; sourceTree = "<group>"; };
		ED7B388015BEF2F10041C640 /* ground_truth.h */ = {isa = PBXFileReference; fileEncoding = 4; lastKnownFileType = sourcecode.c.h; path = ground_truth.h; sourceTree = "<group>"; };
		ED7B388115BEF2F10041C640 /* hdf5.h */ = {isa = PBXFileReference; fileEncoding = 4; lastKnownFileType = sourcecode.c.h; path = hdf5.h; sourceTree = "<group>"; };
		ED7B388215BEF2F10041C640 /* heap.h */ = {isa = PBXFileReference; fileEncoding = 4; lastKnownFileType = sourcecode.c.h; path = heap.h; sourceTree = "<group>"; };
		ED7B388315BEF2F10041C640 /* hierarchical_clustering_index.h */ = {isa = PBXFileReference; fileEncoding = 4; lastKnownFileType = sourcecode.c.h; path = hierarchical_clustering_index.h; sourceTree = "<group>"; };
		ED7B388415BEF2F10041C640 /* index_testing.h */ = {isa = PBXFileReference; fileEncoding = 4; lastKnownFileType = sourcecode.c.h; path = index_testing.h; sourceTree = "<group>"; };
		ED7B388515BEF2F10041C640 /* kdtree_index.h */ = {isa = PBXFileReference; fileEncoding = 4; lastKnownFileType = sourcecode.c.h; path = kdtree_index.h; sourceTree = "<group>"; };
		ED7B388615BEF2F10041C640 /* kdtree_single_index.h */ = {isa = PBXFileReference; fileEncoding = 4; lastKnownFileType = sourcecode.c.h; path = kdtree_single_index.h; sourceTree = "<group>"; };
		ED7B388715BEF2F10041C640 /* kmeans_index.h */ = {isa = PBXFileReference; fileEncoding = 4; lastKnownFileType = sourcecode.c.h; path = kmeans_index.h; sourceTree = "<group>"; };
		ED7B388815BEF2F10041C640 /* linear_index.h */ = {isa = PBXFileReference; fileEncoding = 4; lastKnownFileType = sourcecode.c.h; path = linear_index.h; sourceTree = "<group>"; };
		ED7B388915BEF2F10041C640 /* logger.h */ = {isa = PBXFileReference; fileEncoding = 4; lastKnownFileType = sourcecode.c.h; path = logger.h; sourceTree = "<group>"; };
		ED7B388A15BEF2F10041C640 /* lsh_index.h */ = {isa = PBXFileReference; fileEncoding = 4; lastKnownFileType = sourcecode.c.h; path = lsh_index.h; sourceTree = "<group>"; };
		ED7B388B15BEF2F10041C640 /* lsh_table.h */ = {isa = PBXFileReference; fileEncoding = 4; lastKnownFileType = sourcecode.c.h; path = lsh_table.h; sourceTree = "<group>"; };
		ED7B388C15BEF2F10041C640 /* matrix.h */ = {isa = PBXFileReference; fileEncoding = 4; lastKnownFileType = sourcecode.c.h; path = matrix.h; sourceTree = "<group>"; };
		ED7B388D15BEF2F10041C640 /* miniflann.hpp */ = {isa = PBXFileReference; fileEncoding = 4; lastKnownFileType = sourcecode.cpp.h; path = miniflann.hpp; sourceTree = "<group>"; };
		ED7B388E15BEF2F10041C640 /* nn_index.h */ = {isa = PBXFileReference; fileEncoding = 4; lastKnownFileType = sourcecode.c.h; path = nn_index.h; sourceTree = "<group>"; };
		ED7B388F15BEF2F10041C640 /* object_factory.h */ = {isa = PBXFileReference; fileEncoding = 4; lastKnownFileType = sourcecode.c.h; path = object_factory.h; sourceTree = "<group>"; };
		ED7B389015BEF2F10041C640 /* params.h */ = {isa = PBXFileReference; fileEncoding = 4; lastKnownFileType = sourcecode.c.h; path = params.h; sourceTree = "<group>"; };
		ED7B389115BEF2F10041C640 /* random.h */ = {isa = PBXFileReference; fileEncoding = 4; lastKnownFileType = sourcecode.c.h; path = random.h; sourceTree = "<group>"; };
		ED7B389215BEF2F10041C640 /* result_set.h */ = {isa = PBXFileReference; fileEncoding = 4; lastKnownFileType = sourcecode.c.h; path = result_set.h; sourceTree = "<group>"; };
		ED7B389315BEF2F10041C640 /* sampling.h */ = {isa = PBXFileReference; fileEncoding = 4; lastKnownFileType = sourcecode.c.h; path = sampling.h; sourceTree = "<group>"; };
		ED7B389415BEF2F10041C640 /* saving.h */ = {isa = PBXFileReference; fileEncoding = 4; lastKnownFileType = sourcecode.c.h; path = saving.h; sourceTree = "<group>"; };
		ED7B389515BEF2F10041C640 /* simplex_downhill.h */ = {isa = PBXFileReference; fileEncoding = 4; lastKnownFileType = sourcecode.c.h; path = simplex_downhill.h; sourceTree = "<group>"; };
		ED7B389615BEF2F10041C640 /* timer.h */ = {isa = PBXFileReference; fileEncoding = 4; lastKnownFileType = sourcecode.c.h; path = timer.h; sourceTree = "<group>"; };
		ED7B389815BEF2F10041C640 /* devmem2d.hpp */ = {isa = PBXFileReference; fileEncoding = 4; lastKnownFileType = sourcecode.cpp.h; path = devmem2d.hpp; sourceTree = "<group>"; };
		ED7B389915BEF2F10041C640 /* gpu.hpp */ = {isa = PBXFileReference; fileEncoding = 4; lastKnownFileType = sourcecode.cpp.h; path = gpu.hpp; sourceTree = "<group>"; };
		ED7B389A15BEF2F10041C640 /* gpumat.hpp */ = {isa = PBXFileReference; fileEncoding = 4; lastKnownFileType = sourcecode.cpp.h; path = gpumat.hpp; sourceTree = "<group>"; };
		ED7B389B15BEF2F10041C640 /* matrix_operations.hpp */ = {isa = PBXFileReference; fileEncoding = 4; lastKnownFileType = sourcecode.cpp.h; path = matrix_operations.hpp; sourceTree = "<group>"; };
		ED7B389C15BEF2F10041C640 /* stream_accessor.hpp */ = {isa = PBXFileReference; fileEncoding = 4; lastKnownFileType = sourcecode.cpp.h; path = stream_accessor.hpp; sourceTree = "<group>"; };
		ED7B389E15BEF2F10041C640 /* highgui.hpp */ = {isa = PBXFileReference; fileEncoding = 4; lastKnownFileType = sourcecode.cpp.h; path = highgui.hpp; sourceTree = "<group>"; };
		ED7B389F15BEF2F10041C640 /* highgui_c.h */ = {isa = PBXFileReference; fileEncoding = 4; lastKnownFileType = sourcecode.c.h; path = highgui_c.h; sourceTree = "<group>"; };
		ED7B38A115BEF2F10041C640 /* imgproc.hpp */ = {isa = PBXFileReference; fileEncoding = 4; lastKnownFileType = sourcecode.cpp.h; path = imgproc.hpp; sourceTree = "<group>"; };
		ED7B38A215BEF2F10041C640 /* imgproc_c.h */ = {isa = PBXFileReference; fileEncoding = 4; lastKnownFileType = sourcecode.c.h; path = imgproc_c.h; sourceTree = "<group>"; };
		ED7B38A315BEF2F10041C640 /* types_c.h */ = {isa = PBXFileReference; fileEncoding = 4; lastKnownFileType = sourcecode.c.h; path = types_c.h; sourceTree = "<group>"; };
		ED7B38A515BEF2F10041C640 /* blobtrack.hpp */ = {isa = PBXFileReference; fileEncoding = 4; lastKnownFileType = sourcecode.cpp.h; path = blobtrack.hpp; sourceTree = "<group>"; };
		ED7B38A615BEF2F10041C640 /* compat.hpp */ = {isa = PBXFileReference; fileEncoding = 4; lastKnownFileType = sourcecode.cpp.h; path = compat.hpp; sourceTree = "<group>"; };
		ED7B38A715BEF2F10041C640 /* legacy.hpp */ = {isa = PBXFileReference; fileEncoding = 4; lastKnownFileType = sourcecode.cpp.h; path = legacy.hpp; sourceTree = "<group>"; };
		ED7B38A815BEF2F10041C640 /* streams.hpp */ = {isa = PBXFileReference; fileEncoding = 4; lastKnownFileType = sourcecode.cpp.h; path = streams.hpp; sourceTree = "<group>"; };
		ED7B38AA15BEF2F10041C640 /* ml.hpp */ = {isa = PBXFileReference; fileEncoding = 4; lastKnownFileType = sourcecode.cpp.h; path = ml.hpp; sourceTree = "<group>"; };
		ED7B38AC15BEF2F10041C640 /* objdetect.hpp */ = {isa = PBXFileReference; fileEncoding = 4; lastKnownFileType = sourcecode.cpp.h; path = objdetect.hpp; sourceTree = "<group>"; };
		ED7B38AD15BEF2F10041C640 /* opencv.hpp */ = {isa = PBXFileReference; fileEncoding = 4; lastKnownFileType = sourcecode.cpp.h; path = opencv.hpp; sourceTree = "<group>"; };
		ED7B38AF15BEF2F10041C640 /* ts.hpp */ = {isa = PBXFileReference; fileEncoding = 4; lastKnownFileType = sourcecode.cpp.h; path = ts.hpp; sourceTree = "<group>"; };
		ED7B38B015BEF2F10041C640 /* ts_gtest.h */ = {isa = PBXFileReference; fileEncoding = 4; lastKnownFileType = sourcecode.c.h; path = ts_gtest.h; sourceTree = "<group>"; };
		ED7B38B215BEF2F10041C640 /* background_segm.hpp */ = {isa = PBXFileReference; fileEncoding = 4; lastKnownFileType = sourcecode.cpp.h; path = background_segm.hpp; sourceTree = "<group>"; };
		ED7B38B315BEF2F10041C640 /* tracking.hpp */ = {isa = PBXFileReference; fileEncoding = 4; lastKnownFileType = sourcecode.cpp.h; path = tracking.hpp; sourceTree = "<group>"; };
		ED7B38B415BEF2F10041C640 /* video.hpp */ = {isa = PBXFileReference; fileEncoding = 4; lastKnownFileType = sourcecode.cpp.h; path = video.hpp; sourceTree = "<group>"; };
		ED7B38B715BEF2F10041C640 /* opencv.a */ = {isa = PBXFileReference; lastKnownFileType = archive.ar; path = opencv.a; sourceTree = "<group>"; };
		ED7B38B915BEF2F10041C640 /* ofxCvBlob.h */ = {isa = PBXFileReference; fileEncoding = 4; lastKnownFileType = sourcecode.c.h; path = ofxCvBlob.h; sourceTree = "<group>"; };
		ED7B38BA15BEF2F10041C640 /* ofxCvColorImage.cpp */ = {isa = PBXFileReference; fileEncoding = 4; lastKnownFileType = sourcecode.cpp.cpp; path = ofxCvColorImage.cpp; sourceTree = "<group>"; };
		ED7B38BB15BEF2F10041C640 /* ofxCvColorImage.h */ = {isa = PBXFileReference; fileEncoding = 4; lastKnownFileType = sourcecode.c.h; path = ofxCvColorImage.h; sourceTree = "<group>"; };
		ED7B38BC15BEF2F10041C640 /* ofxCvConstants.h */ = {isa = PBXFileReference; fileEncoding = 4; lastKnownFileType = sourcecode.c.h; path = ofxCvConstants.h; sourceTree = "<group>"; };
		ED7B38BD15BEF2F10041C640 /* ofxCvContourFinder.cpp */ = {isa = PBXFileReference; fileEncoding = 4; lastKnownFileType = sourcecode.cpp.cpp; path = ofxCvContourFinder.cpp; sourceTree = "<group>"; };
		ED7B38BE15BEF2F10041C640 /* ofxCvContourFinder.h */ = {isa = PBXFileReference; fileEncoding = 4; lastKnownFileType = sourcecode.c.h; path = ofxCvContourFinder.h; sourceTree = "<group>"; };
		ED7B38BF15BEF2F10041C640 /* ofxCvFloatImage.cpp */ = {isa = PBXFileReference; fileEncoding = 4; lastKnownFileType = sourcecode.cpp.cpp; path = ofxCvFloatImage.cpp; sourceTree = "<group>"; };
		ED7B38C015BEF2F10041C640 /* ofxCvFloatImage.h */ = {isa = PBXFileReference; fileEncoding = 4; lastKnownFileType = sourcecode.c.h; path = ofxCvFloatImage.h; sourceTree = "<group>"; };
		ED7B38C115BEF2F10041C640 /* ofxCvGrayscaleImage.cpp */ = {isa = PBXFileReference; fileEncoding = 4; lastKnownFileType = sourcecode.cpp.cpp; path = ofxCvGrayscaleImage.cpp; sourceTree = "<group>"; };
		ED7B38C215BEF2F10041C640 /* ofxCvGrayscaleImage.h */ = {isa = PBXFileReference; fileEncoding = 4; lastKnownFileType = sourcecode.c.h; path = ofxCvGrayscaleImage.h; sourceTree = "<group>"; };
		ED7B38C315BEF2F10041C640 /* ofxCvHaarFinder.cpp */ = {isa = PBXFileReference; fileEncoding = 4; lastKnownFileType = sourcecode.cpp.cpp; path = ofxCvHaarFinder.cpp; sourceTree = "<group>"; };
		ED7B38C415BEF2F10041C640 /* ofxCvHaarFinder.h */ = {isa = PBXFileReference; fileEncoding = 4; lastKnownFileType = sourcecode.c.h; path = ofxCvHaarFinder.h; sourceTree = "<group>"; };
		ED7B38C515BEF2F10041C640 /* ofxCvImage.cpp */ = {isa = PBXFileReference; fileEncoding = 4; lastKnownFileType = sourcecode.cpp.cpp; path = ofxCvImage.cpp; sourceTree = "<group>"; };
		ED7B38C615BEF2F10041C640 /* ofxCvImage.h */ = {isa = PBXFileReference; fileEncoding = 4; lastKnownFileType = sourcecode.c.h; path = ofxCvImage.h; sourceTree = "<group>"; };
		ED7B38C715BEF2F10041C640 /* ofxCvMain.h */ = {isa = PBXFileReference; fileEncoding = 4; lastKnownFileType = sourcecode.c.h; path = ofxCvMain.h; sourceTree = "<group>"; };
		ED7B38C815BEF2F10041C640 /* ofxCvShortImage.cpp */ = {isa = PBXFileReference; fileEncoding = 4; lastKnownFileType = sourcecode.cpp.cpp; path = ofxCvShortImage.cpp; sourceTree = "<group>"; };
		ED7B38C915BEF2F10041C640 /* ofxCvShortImage.h */ = {isa = PBXFileReference; fileEncoding = 4; lastKnownFileType = sourcecode.c.h; path = ofxCvShortImage.h; sourceTree = "<group>"; };
		ED7B38CA15BEF2F10041C640 /* ofxOpenCv.h */ = {isa = PBXFileReference; fileEncoding = 4; lastKnownFileType = sourcecode.c.h; path = ofxOpenCv.h; sourceTree = "<group>"; };
		ED7B38DE15BEF6860041C640 /* kinectorApp.cpp */ = {isa = PBXFileReference; fileEncoding = 4; lastKnownFileType = sourcecode.cpp.cpp; path = kinectorApp.cpp; sourceTree = "<group>"; };
		ED7B38E015BEF6940041C640 /* kinectorApp.h */ = {isa = PBXFileReference; lastKnownFileType = sourcecode.c.h; path = kinectorApp.h; sourceTree = "<group>"; };
/* End PBXFileReference section */

/* Begin PBXFrameworksBuildPhase section */
		E4B69B590A3A1756003C02F2 /* Frameworks */ = {
			isa = PBXFrameworksBuildPhase;
			buildActionMask = 2147483647;
			files = (
				E4EB6799138ADC1D00A09F29 /* GLUT.framework in Frameworks */,
				E4328149138ABC9F0047C5CB /* openFrameworksDebug.a in Frameworks */,
				E45BE97B0E8CC7DD009D7055 /* AGL.framework in Frameworks */,
				E45BE97C0E8CC7DD009D7055 /* ApplicationServices.framework in Frameworks */,
				E45BE97D0E8CC7DD009D7055 /* AudioToolbox.framework in Frameworks */,
				E45BE97E0E8CC7DD009D7055 /* Carbon.framework in Frameworks */,
				E45BE97F0E8CC7DD009D7055 /* CoreAudio.framework in Frameworks */,
				E45BE9800E8CC7DD009D7055 /* CoreFoundation.framework in Frameworks */,
				E45BE9810E8CC7DD009D7055 /* CoreServices.framework in Frameworks */,
				E45BE9830E8CC7DD009D7055 /* OpenGL.framework in Frameworks */,
				E45BE9840E8CC7DD009D7055 /* QuickTime.framework in Frameworks */,
				E4C2424710CC5A17004149E2 /* AppKit.framework in Frameworks */,
				E4C2424810CC5A17004149E2 /* Cocoa.framework in Frameworks */,
				E4C2424910CC5A17004149E2 /* IOKit.framework in Frameworks */,
				ED7B383415BEEFC90041C640 /* freenect.lib in Frameworks */,
				ED7B383715BEEFC90041C640 /* usb-1.0.a in Frameworks */,
				ED7B38CB15BEF2F10041C640 /* opencv.a in Frameworks */,
			);
			runOnlyForDeploymentPostprocessing = 0;
		};
/* End PBXFrameworksBuildPhase section */

/* Begin PBXGroup section */
		BB4B014C10F69532006C3DED /* addons */ = {
			isa = PBXGroup;
			children = (
				ED7B385015BEF2D80041C640 /* ofxOpenCv */,
				ED7B37DF15BEEFA50041C640 /* ofxKinect */,
			);
			name = addons;
			sourceTree = "<group>";
		};
		BBAB23C913894ECA00AA2426 /* system frameworks */ = {
			isa = PBXGroup;
			children = (
				E4C2424410CC5A17004149E2 /* AppKit.framework */,
				E4C2424510CC5A17004149E2 /* Cocoa.framework */,
				E4C2424610CC5A17004149E2 /* IOKit.framework */,
				E45BE9710E8CC7DD009D7055 /* AGL.framework */,
				E45BE9720E8CC7DD009D7055 /* ApplicationServices.framework */,
				E45BE9730E8CC7DD009D7055 /* AudioToolbox.framework */,
				E45BE9740E8CC7DD009D7055 /* Carbon.framework */,
				E45BE9750E8CC7DD009D7055 /* CoreAudio.framework */,
				E45BE9760E8CC7DD009D7055 /* CoreFoundation.framework */,
				E45BE9770E8CC7DD009D7055 /* CoreServices.framework */,
				E45BE9790E8CC7DD009D7055 /* OpenGL.framework */,
				E45BE97A0E8CC7DD009D7055 /* QuickTime.framework */,
			);
			name = "system frameworks";
			sourceTree = "<group>";
		};
		BBAB23CA13894EDB00AA2426 /* 3rd party frameworks */ = {
			isa = PBXGroup;
			children = (
				BBAB23BE13894E4700AA2426 /* GLUT.framework */,
			);
			name = "3rd party frameworks";
			sourceTree = "<group>";
		};
		E4328144138ABC890047C5CB /* Products */ = {
			isa = PBXGroup;
			children = (
				E4328148138ABC890047C5CB /* openFrameworksDebug.a */,
			);
			name = Products;
			sourceTree = "<group>";
		};
		E45BE5980E8CC70C009D7055 /* frameworks */ = {
			isa = PBXGroup;
			children = (
				BBAB23CA13894EDB00AA2426 /* 3rd party frameworks */,
				BBAB23C913894ECA00AA2426 /* system frameworks */,
			);
			name = frameworks;
			sourceTree = "<group>";
		};
		E4B69B4A0A3A1720003C02F2 = {
			isa = PBXGroup;
			children = (
				E4B6FCAD0C3E899E008CF71C /* openFrameworks-Info.plist */,
				E4EB6923138AFD0F00A09F29 /* Project.xcconfig */,
				E4B69E1C0A3A1BDC003C02F2 /* src */,
				E4EEC9E9138DF44700A80321 /* openFrameworks */,
				BB4B014C10F69532006C3DED /* addons */,
				E45BE5980E8CC70C009D7055 /* frameworks */,
				E4B69B5B0A3A1756003C02F2 /* KinectTorDebug.app */,
			);
			sourceTree = "<group>";
		};
		E4B69E1C0A3A1BDC003C02F2 /* src */ = {
			isa = PBXGroup;
			children = (
				E4B69E1D0A3A1BDC003C02F2 /* main.cpp */,
				ED7B38DE15BEF6860041C640 /* kinectorApp.cpp */,
				ED7B38E015BEF6940041C640 /* kinectorApp.h */,
				E4B69E1E0A3A1BDC003C02F2 /* testApp.cpp */,
				E4B69E1F0A3A1BDC003C02F2 /* testApp.h */,
			);
			path = src;
			sourceTree = SOURCE_ROOT;
		};
		E4EEC9E9138DF44700A80321 /* openFrameworks */ = {
			isa = PBXGroup;
			children = (
				E4EB691F138AFCF100A09F29 /* CoreOF.xcconfig */,
				E4328143138ABC890047C5CB /* openFrameworksLib.xcodeproj */,
			);
			name = openFrameworks;
			sourceTree = "<group>";
		};
		ED7B37DF15BEEFA50041C640 /* ofxKinect */ = {
			isa = PBXGroup;
			children = (
				ED7B37E015BEEFC90041C640 /* libs */,
				ED7B382815BEEFC90041C640 /* src */,
			);
			name = ofxKinect;
			sourceTree = "<group>";
		};
		ED7B37E015BEEFC90041C640 /* libs */ = {
			isa = PBXGroup;
			children = (
				ED7B37E115BEEFC90041C640 /* libfreenect */,
				ED7B37EF15BEEFC90041C640 /* libusb */,
			);
			name = libs;
			path = ../../../addons/ofxKinect/libs;
			sourceTree = "<group>";
		};
		ED7B37E115BEEFC90041C640 /* libfreenect */ = {
			isa = PBXGroup;
			children = (
				ED7B37E215BEEFC90041C640 /* cameras.c */,
				ED7B37E315BEEFC90041C640 /* core.c */,
				ED7B37E415BEEFC90041C640 /* freenect_internal.h */,
				ED7B37E515BEEFC90041C640 /* lib */,
				ED7B37E915BEEFC90041C640 /* libfreenect.h */,
				ED7B37EA15BEEFC90041C640 /* libfreenect.hpp */,
				ED7B37EB15BEEFC90041C640 /* libfreenect.pc.in */,
				ED7B37EC15BEEFC90041C640 /* tilt.c */,
				ED7B37ED15BEEFC90041C640 /* usb_libusb10.c */,
				ED7B37EE15BEEFC90041C640 /* usb_libusb10.h */,
			);
			path = libfreenect;
			sourceTree = "<group>";
		};
		ED7B37E515BEEFC90041C640 /* lib */ = {
			isa = PBXGroup;
			children = (
				ED7B37E615BEEFC90041C640 /* vs2010 */,
			);
			path = lib;
			sourceTree = "<group>";
		};
		ED7B37E615BEEFC90041C640 /* vs2010 */ = {
			isa = PBXGroup;
			children = (
				ED7B37E715BEEFC90041C640 /* freenect.dll */,
				ED7B37E815BEEFC90041C640 /* freenect.lib */,
			);
			path = vs2010;
			sourceTree = "<group>";
		};
		ED7B37EF15BEEFC90041C640 /* libusb */ = {
			isa = PBXGroup;
			children = (
				ED7B37F015BEEFC90041C640 /* osx */,
				ED7B37F615BEEFC90041C640 /* win */,
			);
			path = libusb;
			sourceTree = "<group>";
		};
		ED7B37F015BEEFC90041C640 /* osx */ = {
			isa = PBXGroup;
			children = (
				ED7B37F115BEEFC90041C640 /* include */,
				ED7B37F415BEEFC90041C640 /* libs */,
			);
			path = osx;
			sourceTree = "<group>";
		};
		ED7B37F115BEEFC90041C640 /* include */ = {
			isa = PBXGroup;
			children = (
				ED7B37F215BEEFC90041C640 /* libusb-1.0 */,
			);
			path = include;
			sourceTree = "<group>";
		};
		ED7B37F215BEEFC90041C640 /* libusb-1.0 */ = {
			isa = PBXGroup;
			children = (
				ED7B37F315BEEFC90041C640 /* libusb.h */,
			);
			path = "libusb-1.0";
			sourceTree = "<group>";
		};
		ED7B37F415BEEFC90041C640 /* libs */ = {
			isa = PBXGroup;
			children = (
				ED7B37F515BEEFC90041C640 /* usb-1.0.a */,
			);
			path = libs;
			sourceTree = "<group>";
		};
		ED7B37F615BEEFC90041C640 /* win */ = {
			isa = PBXGroup;
			children = (
				ED7B37F715BEEFC90041C640 /* inf */,
			);
			path = win;
			sourceTree = "<group>";
		};
		ED7B37F715BEEFC90041C640 /* inf */ = {
			isa = PBXGroup;
			children = (
				ED7B37F815BEEFC90041C640 /* xbox nui audio */,
				ED7B380815BEEFC90041C640 /* xbox nui camera */,
				ED7B381815BEEFC90041C640 /* xbox nui motor */,
			);
			path = inf;
			sourceTree = "<group>";
		};
		ED7B37F815BEEFC90041C640 /* xbox nui audio */ = {
			isa = PBXGroup;
			children = (
				ED7B37F915BEEFC90041C640 /* amd64 */,
				ED7B37FC15BEEFC90041C640 /* ia64 */,
				ED7B37FF15BEEFC90041C640 /* libusb-win32-bin-README.txt */,
				ED7B380015BEEFC90041C640 /* license */,
				ED7B380315BEEFC90041C640 /* x86 */,
				ED7B380615BEEFC90041C640 /* Xbox_NUI_Audio.cat */,
				ED7B380715BEEFC90041C640 /* Xbox_NUI_Audio.inf */,
			);
			path = "xbox nui audio";
			sourceTree = "<group>";
		};
		ED7B37F915BEEFC90041C640 /* amd64 */ = {
			isa = PBXGroup;
			children = (
				ED7B37FA15BEEFC90041C640 /* libusb0.dll */,
				ED7B37FB15BEEFC90041C640 /* libusb0.sys */,
			);
			path = amd64;
			sourceTree = "<group>";
		};
		ED7B37FC15BEEFC90041C640 /* ia64 */ = {
			isa = PBXGroup;
			children = (
				ED7B37FD15BEEFC90041C640 /* libusb0.dll */,
				ED7B37FE15BEEFC90041C640 /* libusb0.sys */,
			);
			path = ia64;
			sourceTree = "<group>";
		};
		ED7B380015BEEFC90041C640 /* license */ = {
			isa = PBXGroup;
			children = (
				ED7B380115BEEFC90041C640 /* libusb-win32 */,
			);
			path = license;
			sourceTree = "<group>";
		};
		ED7B380115BEEFC90041C640 /* libusb-win32 */ = {
			isa = PBXGroup;
			children = (
				ED7B380215BEEFC90041C640 /* installer_license.txt */,
			);
			path = "libusb-win32";
			sourceTree = "<group>";
		};
		ED7B380315BEEFC90041C640 /* x86 */ = {
			isa = PBXGroup;
			children = (
				ED7B380415BEEFC90041C640 /* libusb0.sys */,
				ED7B380515BEEFC90041C640 /* libusb0_x86.dll */,
			);
			path = x86;
			sourceTree = "<group>";
		};
		ED7B380815BEEFC90041C640 /* xbox nui camera */ = {
			isa = PBXGroup;
			children = (
				ED7B380915BEEFC90041C640 /* amd64 */,
				ED7B380C15BEEFC90041C640 /* ia64 */,
				ED7B380F15BEEFC90041C640 /* libusb-win32-bin-README.txt */,
				ED7B381015BEEFC90041C640 /* license */,
				ED7B381315BEEFC90041C640 /* x86 */,
				ED7B381615BEEFC90041C640 /* Xbox_NUI_Camera.cat */,
				ED7B381715BEEFC90041C640 /* Xbox_NUI_Camera.inf */,
			);
			path = "xbox nui camera";
			sourceTree = "<group>";
		};
		ED7B380915BEEFC90041C640 /* amd64 */ = {
			isa = PBXGroup;
			children = (
				ED7B380A15BEEFC90041C640 /* libusb0.dll */,
				ED7B380B15BEEFC90041C640 /* libusb0.sys */,
			);
			path = amd64;
			sourceTree = "<group>";
		};
		ED7B380C15BEEFC90041C640 /* ia64 */ = {
			isa = PBXGroup;
			children = (
				ED7B380D15BEEFC90041C640 /* libusb0.dll */,
				ED7B380E15BEEFC90041C640 /* libusb0.sys */,
			);
			path = ia64;
			sourceTree = "<group>";
		};
		ED7B381015BEEFC90041C640 /* license */ = {
			isa = PBXGroup;
			children = (
				ED7B381115BEEFC90041C640 /* libusb-win32 */,
			);
			path = license;
			sourceTree = "<group>";
		};
		ED7B381115BEEFC90041C640 /* libusb-win32 */ = {
			isa = PBXGroup;
			children = (
				ED7B381215BEEFC90041C640 /* installer_license.txt */,
			);
			path = "libusb-win32";
			sourceTree = "<group>";
		};
		ED7B381315BEEFC90041C640 /* x86 */ = {
			isa = PBXGroup;
			children = (
				ED7B381415BEEFC90041C640 /* libusb0.sys */,
				ED7B381515BEEFC90041C640 /* libusb0_x86.dll */,
			);
			path = x86;
			sourceTree = "<group>";
		};
		ED7B381815BEEFC90041C640 /* xbox nui motor */ = {
			isa = PBXGroup;
			children = (
				ED7B381915BEEFC90041C640 /* amd64 */,
				ED7B381C15BEEFC90041C640 /* ia64 */,
				ED7B381F15BEEFC90041C640 /* libusb-win32-bin-README.txt */,
				ED7B382015BEEFC90041C640 /* license */,
				ED7B382315BEEFC90041C640 /* x86 */,
				ED7B382615BEEFC90041C640 /* Xbox_NUI_Motor.cat */,
				ED7B382715BEEFC90041C640 /* Xbox_NUI_Motor.inf */,
			);
			path = "xbox nui motor";
			sourceTree = "<group>";
		};
		ED7B381915BEEFC90041C640 /* amd64 */ = {
			isa = PBXGroup;
			children = (
				ED7B381A15BEEFC90041C640 /* libusb0.dll */,
				ED7B381B15BEEFC90041C640 /* libusb0.sys */,
			);
			path = amd64;
			sourceTree = "<group>";
		};
		ED7B381C15BEEFC90041C640 /* ia64 */ = {
			isa = PBXGroup;
			children = (
				ED7B381D15BEEFC90041C640 /* libusb0.dll */,
				ED7B381E15BEEFC90041C640 /* libusb0.sys */,
			);
			path = ia64;
			sourceTree = "<group>";
		};
		ED7B382015BEEFC90041C640 /* license */ = {
			isa = PBXGroup;
			children = (
				ED7B382115BEEFC90041C640 /* libusb-win32 */,
			);
			path = license;
			sourceTree = "<group>";
		};
		ED7B382115BEEFC90041C640 /* libusb-win32 */ = {
			isa = PBXGroup;
			children = (
				ED7B382215BEEFC90041C640 /* installer_license.txt */,
			);
			path = "libusb-win32";
			sourceTree = "<group>";
		};
		ED7B382315BEEFC90041C640 /* x86 */ = {
			isa = PBXGroup;
			children = (
				ED7B382415BEEFC90041C640 /* libusb0.sys */,
				ED7B382515BEEFC90041C640 /* libusb0_x86.dll */,
			);
			path = x86;
			sourceTree = "<group>";
		};
		ED7B382815BEEFC90041C640 /* src */ = {
			isa = PBXGroup;
			children = (
				ED7B382915BEEFC90041C640 /* ofxBase3DVideo.h */,
				ED7B382A15BEEFC90041C640 /* ofxKinect.cpp */,
				ED7B382B15BEEFC90041C640 /* ofxKinect.h */,
				ED7B382C15BEEFC90041C640 /* ofxKinectCalibration.cpp */,
				ED7B382D15BEEFC90041C640 /* ofxKinectCalibration.h */,
				ED7B382E15BEEFC90041C640 /* ofxKinectPlayer.cpp */,
				ED7B382F15BEEFC90041C640 /* ofxKinectPlayer.h */,
				ED7B383015BEEFC90041C640 /* ofxKinectRecorder.cpp */,
				ED7B383115BEEFC90041C640 /* ofxKinectRecorder.h */,
			);
			name = src;
			path = ../../../addons/ofxKinect/src;
			sourceTree = "<group>";
		};
		ED7B385015BEF2D80041C640 /* ofxOpenCv */ = {
			isa = PBXGroup;
			children = (
				ED7B385115BEF2F10041C640 /* libs */,
				ED7B38B815BEF2F10041C640 /* src */,
			);
			name = ofxOpenCv;
			sourceTree = "<group>";
		};
		ED7B385115BEF2F10041C640 /* libs */ = {
			isa = PBXGroup;
			children = (
				ED7B385215BEF2F10041C640 /* opencv */,
			);
			name = libs;
			path = ../../../addons/ofxOpenCv/libs;
			sourceTree = "<group>";
		};
		ED7B385215BEF2F10041C640 /* opencv */ = {
			isa = PBXGroup;
			children = (
				ED7B385315BEF2F10041C640 /* include */,
				ED7B38B515BEF2F10041C640 /* lib */,
			);
			path = opencv;
			sourceTree = "<group>";
		};
		ED7B385315BEF2F10041C640 /* include */ = {
			isa = PBXGroup;
			children = (
				ED7B385415BEF2F10041C640 /* opencv */,
				ED7B386015BEF2F10041C640 /* opencv2 */,
			);
			path = include;
			sourceTree = "<group>";
		};
		ED7B385415BEF2F10041C640 /* opencv */ = {
			isa = PBXGroup;
			children = (
				ED7B385515BEF2F10041C640 /* cv.h */,
				ED7B385615BEF2F10041C640 /* cv.hpp */,
				ED7B385715BEF2F10041C640 /* cvaux.h */,
				ED7B385815BEF2F10041C640 /* cvaux.hpp */,
				ED7B385915BEF2F10041C640 /* cvwimage.h */,
				ED7B385A15BEF2F10041C640 /* cxcore.h */,
				ED7B385B15BEF2F10041C640 /* cxcore.hpp */,
				ED7B385C15BEF2F10041C640 /* cxeigen.hpp */,
				ED7B385D15BEF2F10041C640 /* cxmisc.h */,
				ED7B385E15BEF2F10041C640 /* highgui.h */,
				ED7B385F15BEF2F10041C640 /* ml.h */,
			);
			path = opencv;
			sourceTree = "<group>";
		};
		ED7B386015BEF2F10041C640 /* opencv2 */ = {
			isa = PBXGroup;
			children = (
				ED7B386115BEF2F10041C640 /* calib3d */,
				ED7B386315BEF2F10041C640 /* contrib */,
				ED7B386615BEF2F10041C640 /* core */,
				ED7B387015BEF2F10041C640 /* features2d */,
				ED7B387215BEF2F10041C640 /* flann */,
				ED7B389715BEF2F10041C640 /* gpu */,
				ED7B389D15BEF2F10041C640 /* highgui */,
				ED7B38A015BEF2F10041C640 /* imgproc */,
				ED7B38A415BEF2F10041C640 /* legacy */,
				ED7B38A915BEF2F10041C640 /* ml */,
				ED7B38AB15BEF2F10041C640 /* objdetect */,
				ED7B38AD15BEF2F10041C640 /* opencv.hpp */,
				ED7B38AE15BEF2F10041C640 /* ts */,
				ED7B38B115BEF2F10041C640 /* video */,
			);
			path = opencv2;
			sourceTree = "<group>";
		};
		ED7B386115BEF2F10041C640 /* calib3d */ = {
			isa = PBXGroup;
			children = (
				ED7B386215BEF2F10041C640 /* calib3d.hpp */,
			);
			path = calib3d;
			sourceTree = "<group>";
		};
		ED7B386315BEF2F10041C640 /* contrib */ = {
			isa = PBXGroup;
			children = (
				ED7B386415BEF2F10041C640 /* contrib.hpp */,
				ED7B386515BEF2F10041C640 /* retina.hpp */,
			);
			path = contrib;
			sourceTree = "<group>";
		};
		ED7B386615BEF2F10041C640 /* core */ = {
			isa = PBXGroup;
			children = (
				ED7B386715BEF2F10041C640 /* core.hpp */,
				ED7B386815BEF2F10041C640 /* core_c.h */,
				ED7B386915BEF2F10041C640 /* eigen.hpp */,
				ED7B386A15BEF2F10041C640 /* internal.hpp */,
				ED7B386B15BEF2F10041C640 /* mat.hpp */,
				ED7B386C15BEF2F10041C640 /* operations.hpp */,
				ED7B386D15BEF2F10041C640 /* types_c.h */,
				ED7B386E15BEF2F10041C640 /* version.hpp */,
				ED7B386F15BEF2F10041C640 /* wimage.hpp */,
			);
			path = core;
			sourceTree = "<group>";
		};
		ED7B387015BEF2F10041C640 /* features2d */ = {
			isa = PBXGroup;
			children = (
				ED7B387115BEF2F10041C640 /* features2d.hpp */,
			);
			path = features2d;
			sourceTree = "<group>";
		};
		ED7B387215BEF2F10041C640 /* flann */ = {
			isa = PBXGroup;
			children = (
				ED7B387315BEF2F10041C640 /* all_indices.h */,
				ED7B387415BEF2F10041C640 /* allocator.h */,
				ED7B387515BEF2F10041C640 /* any.h */,
				ED7B387615BEF2F10041C640 /* autotuned_index.h */,
				ED7B387715BEF2F10041C640 /* composite_index.h */,
				ED7B387815BEF2F10041C640 /* config.h */,
				ED7B387915BEF2F10041C640 /* defines.h */,
				ED7B387A15BEF2F10041C640 /* dist.h */,
				ED7B387B15BEF2F10041C640 /* dummy.h */,
				ED7B387C15BEF2F10041C640 /* dynamic_bitset.h */,
				ED7B387D15BEF2F10041C640 /* flann.hpp */,
				ED7B387E15BEF2F10041C640 /* flann_base.hpp */,
				ED7B387F15BEF2F10041C640 /* general.h */,
				ED7B388015BEF2F10041C640 /* ground_truth.h */,
				ED7B388115BEF2F10041C640 /* hdf5.h */,
				ED7B388215BEF2F10041C640 /* heap.h */,
				ED7B388315BEF2F10041C640 /* hierarchical_clustering_index.h */,
				ED7B388415BEF2F10041C640 /* index_testing.h */,
				ED7B388515BEF2F10041C640 /* kdtree_index.h */,
				ED7B388615BEF2F10041C640 /* kdtree_single_index.h */,
				ED7B388715BEF2F10041C640 /* kmeans_index.h */,
				ED7B388815BEF2F10041C640 /* linear_index.h */,
				ED7B388915BEF2F10041C640 /* logger.h */,
				ED7B388A15BEF2F10041C640 /* lsh_index.h */,
				ED7B388B15BEF2F10041C640 /* lsh_table.h */,
				ED7B388C15BEF2F10041C640 /* matrix.h */,
				ED7B388D15BEF2F10041C640 /* miniflann.hpp */,
				ED7B388E15BEF2F10041C640 /* nn_index.h */,
				ED7B388F15BEF2F10041C640 /* object_factory.h */,
				ED7B389015BEF2F10041C640 /* params.h */,
				ED7B389115BEF2F10041C640 /* random.h */,
				ED7B389215BEF2F10041C640 /* result_set.h */,
				ED7B389315BEF2F10041C640 /* sampling.h */,
				ED7B389415BEF2F10041C640 /* saving.h */,
				ED7B389515BEF2F10041C640 /* simplex_downhill.h */,
				ED7B389615BEF2F10041C640 /* timer.h */,
			);
			path = flann;
			sourceTree = "<group>";
		};
		ED7B389715BEF2F10041C640 /* gpu */ = {
			isa = PBXGroup;
			children = (
				ED7B389815BEF2F10041C640 /* devmem2d.hpp */,
				ED7B389915BEF2F10041C640 /* gpu.hpp */,
				ED7B389A15BEF2F10041C640 /* gpumat.hpp */,
				ED7B389B15BEF2F10041C640 /* matrix_operations.hpp */,
				ED7B389C15BEF2F10041C640 /* stream_accessor.hpp */,
			);
			path = gpu;
			sourceTree = "<group>";
		};
		ED7B389D15BEF2F10041C640 /* highgui */ = {
			isa = PBXGroup;
			children = (
				ED7B389E15BEF2F10041C640 /* highgui.hpp */,
				ED7B389F15BEF2F10041C640 /* highgui_c.h */,
			);
			path = highgui;
			sourceTree = "<group>";
		};
		ED7B38A015BEF2F10041C640 /* imgproc */ = {
			isa = PBXGroup;
			children = (
				ED7B38A115BEF2F10041C640 /* imgproc.hpp */,
				ED7B38A215BEF2F10041C640 /* imgproc_c.h */,
				ED7B38A315BEF2F10041C640 /* types_c.h */,
			);
			path = imgproc;
			sourceTree = "<group>";
		};
		ED7B38A415BEF2F10041C640 /* legacy */ = {
			isa = PBXGroup;
			children = (
				ED7B38A515BEF2F10041C640 /* blobtrack.hpp */,
				ED7B38A615BEF2F10041C640 /* compat.hpp */,
				ED7B38A715BEF2F10041C640 /* legacy.hpp */,
				ED7B38A815BEF2F10041C640 /* streams.hpp */,
			);
			path = legacy;
			sourceTree = "<group>";
		};
		ED7B38A915BEF2F10041C640 /* ml */ = {
			isa = PBXGroup;
			children = (
				ED7B38AA15BEF2F10041C640 /* ml.hpp */,
			);
			path = ml;
			sourceTree = "<group>";
		};
		ED7B38AB15BEF2F10041C640 /* objdetect */ = {
			isa = PBXGroup;
			children = (
				ED7B38AC15BEF2F10041C640 /* objdetect.hpp */,
			);
			path = objdetect;
			sourceTree = "<group>";
		};
		ED7B38AE15BEF2F10041C640 /* ts */ = {
			isa = PBXGroup;
			children = (
				ED7B38AF15BEF2F10041C640 /* ts.hpp */,
				ED7B38B015BEF2F10041C640 /* ts_gtest.h */,
			);
			path = ts;
			sourceTree = "<group>";
		};
		ED7B38B115BEF2F10041C640 /* video */ = {
			isa = PBXGroup;
			children = (
				ED7B38B215BEF2F10041C640 /* background_segm.hpp */,
				ED7B38B315BEF2F10041C640 /* tracking.hpp */,
				ED7B38B415BEF2F10041C640 /* video.hpp */,
			);
			path = video;
			sourceTree = "<group>";
		};
		ED7B38B515BEF2F10041C640 /* lib */ = {
			isa = PBXGroup;
			children = (
				ED7B38B615BEF2F10041C640 /* osx */,
			);
			path = lib;
			sourceTree = "<group>";
		};
		ED7B38B615BEF2F10041C640 /* osx */ = {
			isa = PBXGroup;
			children = (
				ED7B38B715BEF2F10041C640 /* opencv.a */,
			);
			path = osx;
			sourceTree = "<group>";
		};
		ED7B38B815BEF2F10041C640 /* src */ = {
			isa = PBXGroup;
			children = (
				ED7B38B915BEF2F10041C640 /* ofxCvBlob.h */,
				ED7B38BA15BEF2F10041C640 /* ofxCvColorImage.cpp */,
				ED7B38BB15BEF2F10041C640 /* ofxCvColorImage.h */,
				ED7B38BC15BEF2F10041C640 /* ofxCvConstants.h */,
				ED7B38BD15BEF2F10041C640 /* ofxCvContourFinder.cpp */,
				ED7B38BE15BEF2F10041C640 /* ofxCvContourFinder.h */,
				ED7B38BF15BEF2F10041C640 /* ofxCvFloatImage.cpp */,
				ED7B38C015BEF2F10041C640 /* ofxCvFloatImage.h */,
				ED7B38C115BEF2F10041C640 /* ofxCvGrayscaleImage.cpp */,
				ED7B38C215BEF2F10041C640 /* ofxCvGrayscaleImage.h */,
				ED7B38C315BEF2F10041C640 /* ofxCvHaarFinder.cpp */,
				ED7B38C415BEF2F10041C640 /* ofxCvHaarFinder.h */,
				ED7B38C515BEF2F10041C640 /* ofxCvImage.cpp */,
				ED7B38C615BEF2F10041C640 /* ofxCvImage.h */,
				ED7B38C715BEF2F10041C640 /* ofxCvMain.h */,
				ED7B38C815BEF2F10041C640 /* ofxCvShortImage.cpp */,
				ED7B38C915BEF2F10041C640 /* ofxCvShortImage.h */,
				ED7B38CA15BEF2F10041C640 /* ofxOpenCv.h */,
			);
			name = src;
			path = ../../../addons/ofxOpenCv/src;
			sourceTree = "<group>";
		};
/* End PBXGroup section */

/* Begin PBXNativeTarget section */
		E4B69B5A0A3A1756003C02F2 /* KinectTor */ = {
			isa = PBXNativeTarget;
			buildConfigurationList = E4B69B5F0A3A1757003C02F2 /* Build configuration list for PBXNativeTarget "KinectTor" */;
			buildPhases = (
				E4B69B580A3A1756003C02F2 /* Sources */,
				E4B69B590A3A1756003C02F2 /* Frameworks */,
				E4B6FFFD0C3F9AB9008CF71C /* ShellScript */,
				E4C2427710CC5ABF004149E2 /* CopyFiles */,
			);
			buildRules = (
			);
			dependencies = (
				E4EEB9AC138B136A00A80321 /* PBXTargetDependency */,
			);
			name = KinectTor;
			productName = myOFApp;
			productReference = E4B69B5B0A3A1756003C02F2 /* KinectTorDebug.app */;
			productType = "com.apple.product-type.application";
		};
/* End PBXNativeTarget section */

/* Begin PBXProject section */
		E4B69B4C0A3A1720003C02F2 /* Project object */ = {
			isa = PBXProject;
			attributes = {
				LastUpgradeCheck = 0430;
			};
			buildConfigurationList = E4B69B4D0A3A1720003C02F2 /* Build configuration list for PBXProject "KinectTor" */;
			compatibilityVersion = "Xcode 3.2";
			developmentRegion = English;
			hasScannedForEncodings = 0;
			knownRegions = (
				English,
				Japanese,
				French,
				German,
			);
			mainGroup = E4B69B4A0A3A1720003C02F2;
			productRefGroup = E4B69B4A0A3A1720003C02F2;
			projectDirPath = "";
			projectReferences = (
				{
					ProductGroup = E4328144138ABC890047C5CB /* Products */;
					ProjectRef = E4328143138ABC890047C5CB /* openFrameworksLib.xcodeproj */;
				},
			);
			projectRoot = "";
			targets = (
				E4B69B5A0A3A1756003C02F2 /* KinectTor */,
			);
		};
/* End PBXProject section */

/* Begin PBXReferenceProxy section */
		E4328148138ABC890047C5CB /* openFrameworksDebug.a */ = {
			isa = PBXReferenceProxy;
			fileType = archive.ar;
			path = openFrameworksDebug.a;
			remoteRef = E4328147138ABC890047C5CB /* PBXContainerItemProxy */;
			sourceTree = BUILT_PRODUCTS_DIR;
		};
/* End PBXReferenceProxy section */

/* Begin PBXShellScriptBuildPhase section */
		E4B6FFFD0C3F9AB9008CF71C /* ShellScript */ = {
			isa = PBXShellScriptBuildPhase;
			buildActionMask = 2147483647;
			files = (
			);
			inputPaths = (
			);
			outputPaths = (
			);
			runOnlyForDeploymentPostprocessing = 0;
			shellPath = /bin/sh;
			shellScript = "cp -f ../../../libs/fmodex/lib/osx/libfmodex.dylib \"$TARGET_BUILD_DIR/$PRODUCT_NAME.app/Contents/MacOS/libfmodex.dylib\"; install_name_tool -change ./libfmodex.dylib @executable_path/libfmodex.dylib \"$TARGET_BUILD_DIR/$PRODUCT_NAME.app/Contents/MacOS/$PRODUCT_NAME\";";
		};
/* End PBXShellScriptBuildPhase section */

/* Begin PBXSourcesBuildPhase section */
		E4B69B580A3A1756003C02F2 /* Sources */ = {
			isa = PBXSourcesBuildPhase;
			buildActionMask = 2147483647;
			files = (
				E4B69E200A3A1BDC003C02F2 /* main.cpp in Sources */,
				E4B69E210A3A1BDC003C02F2 /* testApp.cpp in Sources */,
				ED7B383215BEEFC90041C640 /* cameras.c in Sources */,
				ED7B383315BEEFC90041C640 /* core.c in Sources */,
				ED7B383515BEEFC90041C640 /* tilt.c in Sources */,
				ED7B383615BEEFC90041C640 /* usb_libusb10.c in Sources */,
				ED7B383815BEEFC90041C640 /* ofxKinect.cpp in Sources */,
				ED7B383915BEEFC90041C640 /* ofxKinectCalibration.cpp in Sources */,
				ED7B383A15BEEFC90041C640 /* ofxKinectPlayer.cpp in Sources */,
				ED7B383B15BEEFC90041C640 /* ofxKinectRecorder.cpp in Sources */,
				ED7B38CC15BEF2F10041C640 /* ofxCvColorImage.cpp in Sources */,
				ED7B38CD15BEF2F10041C640 /* ofxCvContourFinder.cpp in Sources */,
				ED7B38CE15BEF2F10041C640 /* ofxCvFloatImage.cpp in Sources */,
				ED7B38CF15BEF2F10041C640 /* ofxCvGrayscaleImage.cpp in Sources */,
				ED7B38D015BEF2F10041C640 /* ofxCvHaarFinder.cpp in Sources */,
				ED7B38D115BEF2F10041C640 /* ofxCvImage.cpp in Sources */,
				ED7B38D215BEF2F10041C640 /* ofxCvShortImage.cpp in Sources */,
				ED7B38DF15BEF6860041C640 /* kinectorApp.cpp in Sources */,
			);
			runOnlyForDeploymentPostprocessing = 0;
		};
/* End PBXSourcesBuildPhase section */

/* Begin PBXTargetDependency section */
		E4EEB9AC138B136A00A80321 /* PBXTargetDependency */ = {
			isa = PBXTargetDependency;
			name = openFrameworks;
			targetProxy = E4EEB9AB138B136A00A80321 /* PBXContainerItemProxy */;
		};
/* End PBXTargetDependency section */

/* Begin XCBuildConfiguration section */
		E4B69B4E0A3A1720003C02F2 /* Debug */ = {
			isa = XCBuildConfiguration;
			baseConfigurationReference = E4EB6923138AFD0F00A09F29 /* Project.xcconfig */;
			buildSettings = {
				ADDONS_PATH = "$(OF_PATH)/addons";
				ARCHS = "$(NATIVE_ARCH)";
				CONFIGURATION_BUILD_DIR = "$(SRCROOT)/bin/";
				COPY_PHASE_STRIP = NO;
				DEAD_CODE_STRIPPING = YES;
				GCC_AUTO_VECTORIZATION = YES;
				GCC_ENABLE_SSE3_EXTENSIONS = YES;
				GCC_ENABLE_SUPPLEMENTAL_SSE3_INSTRUCTIONS = YES;
				GCC_INLINES_ARE_PRIVATE_EXTERN = NO;
				GCC_OPTIMIZATION_LEVEL = 0;
				GCC_SYMBOLS_PRIVATE_EXTERN = NO;
				GCC_WARN_ABOUT_DEPRECATED_FUNCTIONS = NO;
				GCC_WARN_ABOUT_INVALID_OFFSETOF_MACRO = NO;
				GCC_WARN_ALLOW_INCOMPLETE_PROTOCOL = NO;
				GCC_WARN_UNINITIALIZED_AUTOS = NO;
				GCC_WARN_UNUSED_VALUE = NO;
				GCC_WARN_UNUSED_VARIABLE = NO;
				HEADER_SEARCH_PATHS = (
					"$(OF_CORE_HEADERS)",
					src,
					"$(OF_ADDON_HEADERS)",
				);
				OFX_KINECT_HEADERS = "\"$(ADDONS_PATH)/ofxKinect/libs/libusb/osx/include/\"";
				OFX_KINECT_LIBS = "\"$(ADDONS_PATH)/ofxKinect/libs/libusb/osx/libs/usb-1.0.a\"";
				OFX_OPENCV_HEADERS = "\"$(ADDONS_PATH)/ofxOpenCv/libs/opencv/include/\"";
				OF_ADDON_HEADERS = "$(OFX_KINECT_HEADERS) $(OFX_OPENCV_HEADERS)";
				OF_ADDON_LIBS = "$(OFX_KINECT_LIBS)";
				OTHER_CPLUSPLUSFLAGS = (
					"-D__MACOSX_CORE__",
					"-lpthread",
					"-mtune=native",
				);
			};
			name = Debug;
		};
		E4B69B4F0A3A1720003C02F2 /* Release */ = {
			isa = XCBuildConfiguration;
			baseConfigurationReference = E4EB6923138AFD0F00A09F29 /* Project.xcconfig */;
			buildSettings = {
				ADDONS_PATH = "$(OF_PATH)/addons";
				ARCHS = "$(NATIVE_ARCH)";
				CONFIGURATION_BUILD_DIR = "$(SRCROOT)/bin/";
				COPY_PHASE_STRIP = YES;
				DEAD_CODE_STRIPPING = YES;
				GCC_AUTO_VECTORIZATION = YES;
				GCC_ENABLE_SSE3_EXTENSIONS = YES;
				GCC_ENABLE_SUPPLEMENTAL_SSE3_INSTRUCTIONS = YES;
				GCC_INLINES_ARE_PRIVATE_EXTERN = NO;
				GCC_OPTIMIZATION_LEVEL = 3;
				GCC_SYMBOLS_PRIVATE_EXTERN = NO;
				GCC_UNROLL_LOOPS = YES;
				GCC_WARN_ABOUT_DEPRECATED_FUNCTIONS = NO;
				GCC_WARN_ABOUT_INVALID_OFFSETOF_MACRO = NO;
				GCC_WARN_ALLOW_INCOMPLETE_PROTOCOL = NO;
				GCC_WARN_UNINITIALIZED_AUTOS = NO;
				GCC_WARN_UNUSED_VALUE = NO;
				GCC_WARN_UNUSED_VARIABLE = NO;
				HEADER_SEARCH_PATHS = (
					"$(OF_CORE_HEADERS)",
					src,
					"$(OF_ADDON_HEADERS)",
				);
				OFX_KINECT_HEADERS = "\"$(ADDONS_PATH)/ofxKinect/libs/libusb/osx/include/\"";
				OFX_KINECT_LIBS = "\"$(ADDONS_PATH)/ofxKinect/libs/libusb/osx/libs/usb-1.0.a\"";
				OFX_OPENCV_HEADERS = "\"$(ADDONS_PATH)/ofxOpenCv/libs/opencv/include/\"";
				OF_ADDON_HEADERS = "$(OFX_KINECT_HEADERS) $(OFX_OPENCV_HEADERS)";
				OF_ADDON_LIBS = "$(OFX_KINECT_LIBS)";
				OTHER_CPLUSPLUSFLAGS = (
					"-D__MACOSX_CORE__",
					"-lpthread",
					"-mtune=native",
				);
			};
			name = Release;
		};
		E4B69B600A3A1757003C02F2 /* Debug */ = {
			isa = XCBuildConfiguration;
			buildSettings = {
				COPY_PHASE_STRIP = NO;
				FRAMEWORK_SEARCH_PATHS = (
					"$(inherited)",
					"$(FRAMEWORK_SEARCH_PATHS_QUOTED_FOR_TARGET_1)",
				);
				FRAMEWORK_SEARCH_PATHS_QUOTED_FOR_TARGET_1 = "\"$(SRCROOT)/../../../libs/glut/lib/osx\"";
				GCC_DYNAMIC_NO_PIC = NO;
				GCC_GENERATE_DEBUGGING_SYMBOLS = YES;
				GCC_MODEL_TUNING = NONE;
				GCC_PRECOMPILE_PREFIX_HEADER = YES;
				GCC_PREFIX_HEADER = "$(SYSTEM_LIBRARY_DIR)/Frameworks/Carbon.framework/Headers/Carbon.h";
				GCC_VERSION = com.apple.compilers.llvm.clang.1_0;
				INFOPLIST_FILE = "openFrameworks-Info.plist";
				INSTALL_PATH = "$(HOME)/Applications";
				LIBRARY_SEARCH_PATHS = (
					"$(inherited)",
					"$(LIBRARY_SEARCH_PATHS_QUOTED_FOR_TARGET_1)",
					"$(LIBRARY_SEARCH_PATHS_QUOTED_FOR_TARGET_2)",
					"$(LIBRARY_SEARCH_PATHS_QUOTED_FOR_TARGET_3)",
					"$(LIBRARY_SEARCH_PATHS_QUOTED_FOR_TARGET_4)",
					"$(LIBRARY_SEARCH_PATHS_QUOTED_FOR_TARGET_5)",
					"$(LIBRARY_SEARCH_PATHS_QUOTED_FOR_TARGET_6)",
					"$(LIBRARY_SEARCH_PATHS_QUOTED_FOR_TARGET_7)",
					"$(LIBRARY_SEARCH_PATHS_QUOTED_FOR_TARGET_8)",
					"$(LIBRARY_SEARCH_PATHS_QUOTED_FOR_TARGET_9)",
					"$(LIBRARY_SEARCH_PATHS_QUOTED_FOR_TARGET_10)",
					"$(LIBRARY_SEARCH_PATHS_QUOTED_FOR_TARGET_11)",
					"$(LIBRARY_SEARCH_PATHS_QUOTED_FOR_TARGET_12)",
					"$(LIBRARY_SEARCH_PATHS_QUOTED_FOR_TARGET_13)",
					"$(LIBRARY_SEARCH_PATHS_QUOTED_FOR_TARGET_14)",
					"$(LIBRARY_SEARCH_PATHS_QUOTED_FOR_TARGET_15)",
					"$(LIBRARY_SEARCH_PATHS_QUOTED_FOR_TARGET_2)",
					"$(LIBRARY_SEARCH_PATHS_QUOTED_FOR_TARGET_3)",
					"$(LIBRARY_SEARCH_PATHS_QUOTED_FOR_TARGET_7)",
					"$(LIBRARY_SEARCH_PATHS_QUOTED_FOR_TARGET_8)",
					"$(LIBRARY_SEARCH_PATHS_QUOTED_FOR_TARGET_9)",
					"$(LIBRARY_SEARCH_PATHS_QUOTED_FOR_TARGET_10)",
					"$(LIBRARY_SEARCH_PATHS_QUOTED_FOR_TARGET_11)",
					"$(LIBRARY_SEARCH_PATHS_QUOTED_FOR_TARGET_12)",
					"$(LIBRARY_SEARCH_PATHS_QUOTED_FOR_TARGET_13)",
					"$(LIBRARY_SEARCH_PATHS_QUOTED_FOR_TARGET_16)",
					"$(LIBRARY_SEARCH_PATHS_QUOTED_FOR_TARGET_17)",
					"$(LIBRARY_SEARCH_PATHS_QUOTED_FOR_TARGET_18)",
					"$(LIBRARY_SEARCH_PATHS_QUOTED_FOR_TARGET_19)",
					"$(LIBRARY_SEARCH_PATHS_QUOTED_FOR_TARGET_20)",
					"$(LIBRARY_SEARCH_PATHS_QUOTED_FOR_TARGET_21)",
					"$(LIBRARY_SEARCH_PATHS_QUOTED_FOR_TARGET_22)",
					"$(LIBRARY_SEARCH_PATHS_QUOTED_FOR_TARGET_23)",
					"$(LIBRARY_SEARCH_PATHS_QUOTED_FOR_TARGET_24)",
					"$(LIBRARY_SEARCH_PATHS_QUOTED_FOR_TARGET_25)",
					"$(LIBRARY_SEARCH_PATHS_QUOTED_FOR_TARGET_26)",
					"$(LIBRARY_SEARCH_PATHS_QUOTED_FOR_TARGET_27)",
					"$(LIBRARY_SEARCH_PATHS_QUOTED_FOR_TARGET_28)",
					"$(LIBRARY_SEARCH_PATHS_QUOTED_FOR_TARGET_29)",
					"$(LIBRARY_SEARCH_PATHS_QUOTED_FOR_TARGET_30)",
					"$(LIBRARY_SEARCH_PATHS_QUOTED_FOR_TARGET_31)",
					"$(LIBRARY_SEARCH_PATHS_QUOTED_FOR_TARGET_32)",
					"$(LIBRARY_SEARCH_PATHS_QUOTED_FOR_TARGET_33)",
					"$(LIBRARY_SEARCH_PATHS_QUOTED_FOR_TARGET_34)",
					"$(LIBRARY_SEARCH_PATHS_QUOTED_FOR_TARGET_35)",
					"$(LIBRARY_SEARCH_PATHS_QUOTED_FOR_TARGET_36)",
					"$(LIBRARY_SEARCH_PATHS_QUOTED_FOR_TARGET_37)",
					"$(LIBRARY_SEARCH_PATHS_QUOTED_FOR_TARGET_38)",
					"$(LIBRARY_SEARCH_PATHS_QUOTED_FOR_TARGET_39)",
					"$(LIBRARY_SEARCH_PATHS_QUOTED_FOR_TARGET_40)",
					"$(LIBRARY_SEARCH_PATHS_QUOTED_FOR_TARGET_41)",
					"$(LIBRARY_SEARCH_PATHS_QUOTED_FOR_TARGET_42)",
					"$(LIBRARY_SEARCH_PATHS_QUOTED_FOR_TARGET_43)",
					"$(LIBRARY_SEARCH_PATHS_QUOTED_FOR_TARGET_44)",
					"$(LIBRARY_SEARCH_PATHS_QUOTED_FOR_TARGET_45)",
					"$(LIBRARY_SEARCH_PATHS_QUOTED_FOR_TARGET_46)",
					"$(LIBRARY_SEARCH_PATHS_QUOTED_FOR_TARGET_47)",
					"$(LIBRARY_SEARCH_PATHS_QUOTED_FOR_TARGET_48)",
					"$(LIBRARY_SEARCH_PATHS_QUOTED_FOR_TARGET_49)",
					"$(LIBRARY_SEARCH_PATHS_QUOTED_FOR_TARGET_50)",
					"$(LIBRARY_SEARCH_PATHS_QUOTED_FOR_TARGET_51)",
					"$(LIBRARY_SEARCH_PATHS_QUOTED_FOR_TARGET_52)",
					"$(LIBRARY_SEARCH_PATHS_QUOTED_FOR_TARGET_1)",
					"$(LIBRARY_SEARCH_PATHS_QUOTED_FOR_TARGET_2)",
					"\"$(SRCROOT)/../../../addons/ofxOpenCv/libs/opencv/lib/osx\"",
				);
				LIBRARY_SEARCH_PATHS_QUOTED_FOR_TARGET_1 = "\"$(SRCROOT)/../../../addons/ofxKinect/libs/libfreenect/lib/vs2010\"";
				LIBRARY_SEARCH_PATHS_QUOTED_FOR_TARGET_2 = "\"$(SRCROOT)/../../../addons/ofxKinect/libs/libusb/osx/libs\"";
				PRODUCT_NAME = KinectTorDebug;
				WRAPPER_EXTENSION = app;
			};
			name = Debug;
		};
		E4B69B610A3A1757003C02F2 /* Release */ = {
			isa = XCBuildConfiguration;
			buildSettings = {
				COPY_PHASE_STRIP = YES;
				FRAMEWORK_SEARCH_PATHS = (
					"$(inherited)",
					"$(FRAMEWORK_SEARCH_PATHS_QUOTED_FOR_TARGET_1)",
				);
				FRAMEWORK_SEARCH_PATHS_QUOTED_FOR_TARGET_1 = "\"$(SRCROOT)/../../../libs/glut/lib/osx\"";
				GCC_GENERATE_DEBUGGING_SYMBOLS = YES;
				GCC_MODEL_TUNING = NONE;
				GCC_PRECOMPILE_PREFIX_HEADER = YES;
				GCC_PREFIX_HEADER = "$(SYSTEM_LIBRARY_DIR)/Frameworks/Carbon.framework/Headers/Carbon.h";
				GCC_VERSION = com.apple.compilers.llvm.clang.1_0;
				INFOPLIST_FILE = "openFrameworks-Info.plist";
				INSTALL_PATH = "$(HOME)/Applications";
				LIBRARY_SEARCH_PATHS = (
					"$(inherited)",
					"$(LIBRARY_SEARCH_PATHS_QUOTED_FOR_TARGET_1)",
					"$(LIBRARY_SEARCH_PATHS_QUOTED_FOR_TARGET_2)",
					"$(LIBRARY_SEARCH_PATHS_QUOTED_FOR_TARGET_3)",
					"$(LIBRARY_SEARCH_PATHS_QUOTED_FOR_TARGET_4)",
					"$(LIBRARY_SEARCH_PATHS_QUOTED_FOR_TARGET_5)",
					"$(LIBRARY_SEARCH_PATHS_QUOTED_FOR_TARGET_6)",
					"$(LIBRARY_SEARCH_PATHS_QUOTED_FOR_TARGET_7)",
					"$(LIBRARY_SEARCH_PATHS_QUOTED_FOR_TARGET_8)",
					"$(LIBRARY_SEARCH_PATHS_QUOTED_FOR_TARGET_9)",
					"$(LIBRARY_SEARCH_PATHS_QUOTED_FOR_TARGET_10)",
					"$(LIBRARY_SEARCH_PATHS_QUOTED_FOR_TARGET_11)",
					"$(LIBRARY_SEARCH_PATHS_QUOTED_FOR_TARGET_12)",
					"$(LIBRARY_SEARCH_PATHS_QUOTED_FOR_TARGET_13)",
					"$(LIBRARY_SEARCH_PATHS_QUOTED_FOR_TARGET_14)",
					"$(LIBRARY_SEARCH_PATHS_QUOTED_FOR_TARGET_15)",
					"$(LIBRARY_SEARCH_PATHS_QUOTED_FOR_TARGET_2)",
					"$(LIBRARY_SEARCH_PATHS_QUOTED_1)",
					"$(LIBRARY_SEARCH_PATHS_QUOTED_FOR_TARGET_3)",
					"$(LIBRARY_SEARCH_PATHS_QUOTED_FOR_TARGET_7)",
					"$(LIBRARY_SEARCH_PATHS_QUOTED_FOR_TARGET_8)",
					"$(LIBRARY_SEARCH_PATHS_QUOTED_FOR_TARGET_9)",
					"$(LIBRARY_SEARCH_PATHS_QUOTED_FOR_TARGET_10)",
					"$(LIBRARY_SEARCH_PATHS_QUOTED_FOR_TARGET_11)",
					"$(LIBRARY_SEARCH_PATHS_QUOTED_FOR_TARGET_12)",
					"$(LIBRARY_SEARCH_PATHS_QUOTED_FOR_TARGET_13)",
					"$(LIBRARY_SEARCH_PATHS_QUOTED_FOR_TARGET_16)",
					"$(LIBRARY_SEARCH_PATHS_QUOTED_FOR_TARGET_17)",
					"$(LIBRARY_SEARCH_PATHS_QUOTED_FOR_TARGET_18)",
					"$(LIBRARY_SEARCH_PATHS_QUOTED_FOR_TARGET_19)",
					"$(LIBRARY_SEARCH_PATHS_QUOTED_FOR_TARGET_20)",
					"$(LIBRARY_SEARCH_PATHS_QUOTED_FOR_TARGET_21)",
					"$(LIBRARY_SEARCH_PATHS_QUOTED_FOR_TARGET_22)",
					"$(LIBRARY_SEARCH_PATHS_QUOTED_FOR_TARGET_23)",
					"$(LIBRARY_SEARCH_PATHS_QUOTED_FOR_TARGET_24)",
					"$(LIBRARY_SEARCH_PATHS_QUOTED_FOR_TARGET_25)",
					"$(LIBRARY_SEARCH_PATHS_QUOTED_FOR_TARGET_26)",
					"$(LIBRARY_SEARCH_PATHS_QUOTED_FOR_TARGET_27)",
					"$(LIBRARY_SEARCH_PATHS_QUOTED_FOR_TARGET_28)",
					"$(LIBRARY_SEARCH_PATHS_QUOTED_FOR_TARGET_29)",
					"$(LIBRARY_SEARCH_PATHS_QUOTED_FOR_TARGET_30)",
					"$(LIBRARY_SEARCH_PATHS_QUOTED_FOR_TARGET_31)",
					"$(LIBRARY_SEARCH_PATHS_QUOTED_FOR_TARGET_32)",
					"$(LIBRARY_SEARCH_PATHS_QUOTED_FOR_TARGET_33)",
					"$(LIBRARY_SEARCH_PATHS_QUOTED_FOR_TARGET_34)",
					"$(LIBRARY_SEARCH_PATHS_QUOTED_FOR_TARGET_35)",
					"$(LIBRARY_SEARCH_PATHS_QUOTED_FOR_TARGET_36)",
					"$(LIBRARY_SEARCH_PATHS_QUOTED_FOR_TARGET_37)",
					"$(LIBRARY_SEARCH_PATHS_QUOTED_FOR_TARGET_38)",
					"$(LIBRARY_SEARCH_PATHS_QUOTED_FOR_TARGET_39)",
					"$(LIBRARY_SEARCH_PATHS_QUOTED_FOR_TARGET_40)",
					"$(LIBRARY_SEARCH_PATHS_QUOTED_FOR_TARGET_41)",
					"$(LIBRARY_SEARCH_PATHS_QUOTED_FOR_TARGET_42)",
					"$(LIBRARY_SEARCH_PATHS_QUOTED_FOR_TARGET_43)",
					"$(LIBRARY_SEARCH_PATHS_QUOTED_FOR_TARGET_44)",
					"$(LIBRARY_SEARCH_PATHS_QUOTED_FOR_TARGET_45)",
					"$(LIBRARY_SEARCH_PATHS_QUOTED_FOR_TARGET_46)",
					"$(LIBRARY_SEARCH_PATHS_QUOTED_FOR_TARGET_47)",
					"$(LIBRARY_SEARCH_PATHS_QUOTED_FOR_TARGET_48)",
					"$(LIBRARY_SEARCH_PATHS_QUOTED_FOR_TARGET_49)",
					"$(LIBRARY_SEARCH_PATHS_QUOTED_FOR_TARGET_50)",
					"$(LIBRARY_SEARCH_PATHS_QUOTED_FOR_TARGET_51)",
					"$(LIBRARY_SEARCH_PATHS_QUOTED_FOR_TARGET_1)",
					"$(LIBRARY_SEARCH_PATHS_QUOTED_FOR_TARGET_2)",
					"\"$(SRCROOT)/../../../addons/ofxOpenCv/libs/opencv/lib/osx\"",
				);
				LIBRARY_SEARCH_PATHS_QUOTED_FOR_TARGET_1 = "\"$(SRCROOT)/../../../addons/ofxKinect/libs/libfreenect/lib/vs2010\"";
				LIBRARY_SEARCH_PATHS_QUOTED_FOR_TARGET_2 = "\"$(SRCROOT)/../../../addons/ofxKinect/libs/libusb/osx/libs\"";
				PRODUCT_NAME = KinectTor;
				WRAPPER_EXTENSION = app;
			};
			name = Release;
		};
/* End XCBuildConfiguration section */

/* Begin XCConfigurationList section */
		E4B69B4D0A3A1720003C02F2 /* Build configuration list for PBXProject "KinectTor" */ = {
			isa = XCConfigurationList;
			buildConfigurations = (
				E4B69B4E0A3A1720003C02F2 /* Debug */,
				E4B69B4F0A3A1720003C02F2 /* Release */,
			);
			defaultConfigurationIsVisible = 0;
			defaultConfigurationName = Release;
		};
		E4B69B5F0A3A1757003C02F2 /* Build configuration list for PBXNativeTarget "KinectTor" */ = {
			isa = XCConfigurationList;
			buildConfigurations = (
				E4B69B600A3A1757003C02F2 /* Debug */,
				E4B69B610A3A1757003C02F2 /* Release */,
			);
			defaultConfigurationIsVisible = 0;
			defaultConfigurationName = Release;
		};
/* End XCConfigurationList section */
	};
	rootObject = E4B69B4C0A3A1720003C02F2 /* Project object */;
}
