Microsoft Visual Studio Solution File, Format Version 11.00
# Visual Studio 2008

Project("{2ABEFAC0-EC75-6943-10DD-4563F92103D8}") = "OniTheatrePrototypes", "Assembly-CSharp-firstpass.csproj", "{AFE2792F-7C88-5E13-D5B0-D684CC2B4CD2}"
EndProject
Project("{2ABEFAC0-EC75-6943-10DD-4563F92103D8}") = "OniTheatrePrototypes", "Assembly-CSharp.csproj", "{E00E0D14-73D0-3F4C-C460-D334E656E9F2}"
EndProject
Project("{2ABEFAC0-EC75-6943-10DD-4563F92103D8}") = "OniTheatrePrototypes", "Assembly-UnityScript-firstpass.unityproj", "{A4B1DCEF-8BEF-F370-F21D-7F7C5A0DA1C9}"
EndProject
Project("{2ABEFAC0-EC75-6943-10DD-4563F92103D8}") = "OniTheatrePrototypes", "Assembly-UnityScript.unityproj", "{2662E1CE-FD82-FE34-52FF-E314363E39CA}"
EndProject
Global
	GlobalSection(SolutionConfigurationPlatforms) = preSolution
		Debug|Any CPU = Debug|Any CPU
		Release|Any CPU = Release|Any CPU
	EndGlobalSection
	GlobalSection(ProjectConfigurationPlatforms) = postSolution
		{AFE2792F-7C88-5E13-D5B0-D684CC2B4CD2}.Debug|Any CPU.ActiveCfg = Debug|Any CPU
		{AFE2792F-7C88-5E13-D5B0-D684CC2B4CD2}.Debug|Any CPU.Build.0 = Debug|Any CPU
		{AFE2792F-7C88-5E13-D5B0-D684CC2B4CD2}.Release|Any CPU.ActiveCfg = Release|Any CPU
		{AFE2792F-7C88-5E13-D5B0-D684CC2B4CD2}.Release|Any CPU.Build.0 = Release|Any CPU
		{E00E0D14-73D0-3F4C-C460-D334E656E9F2}.Debug|Any CPU.ActiveCfg = Debug|Any CPU
		{E00E0D14-73D0-3F4C-C460-D334E656E9F2}.Debug|Any CPU.Build.0 = Debug|Any CPU
		{E00E0D14-73D0-3F4C-C460-D334E656E9F2}.Release|Any CPU.ActiveCfg = Release|Any CPU
		{E00E0D14-73D0-3F4C-C460-D334E656E9F2}.Release|Any CPU.Build.0 = Release|Any CPU
		{A4B1DCEF-8BEF-F370-F21D-7F7C5A0DA1C9}.Debug|Any CPU.ActiveCfg = Debug|Any CPU
		{A4B1DCEF-8BEF-F370-F21D-7F7C5A0DA1C9}.Debug|Any CPU.Build.0 = Debug|Any CPU
		{A4B1DCEF-8BEF-F370-F21D-7F7C5A0DA1C9}.Release|Any CPU.ActiveCfg = Release|Any CPU
		{A4B1DCEF-8BEF-F370-F21D-7F7C5A0DA1C9}.Release|Any CPU.Build.0 = Release|Any CPU
		{2662E1CE-FD82-FE34-52FF-E314363E39CA}.Debug|Any CPU.ActiveCfg = Debug|Any CPU
		{2662E1CE-FD82-FE34-52FF-E314363E39CA}.Debug|Any CPU.Build.0 = Debug|Any CPU
		{2662E1CE-FD82-FE34-52FF-E314363E39CA}.Release|Any CPU.ActiveCfg = Release|Any CPU
		{2662E1CE-FD82-FE34-52FF-E314363E39CA}.Release|Any CPU.Build.0 = Release|Any CPU
	EndGlobalSection
	GlobalSection(SolutionProperties) = preSolution
		HideSolutionNode = FALSE
	EndGlobalSection
																												GlobalSection(MonoDevelopProperties) = preSolution
=======
														GlobalSection(MonoDevelopProperties) = preSolution
>>>>>>> 9bbd30e50d6e2b02d62c1dac37bbfa7988779514
		StartupItem = Assembly-CSharp.csproj
		Policies = $0
		$0.TextStylePolicy = $1
		$1.inheritsSet = null
		$1.scope = text/x-csharp
		$0.CSharpFormattingPolicy = $2
		$2.inheritsSet = Mono
		$2.inheritsScope = text/x-csharp
		$2.scope = text/x-csharp
		$0.TextStylePolicy = $3
		$3.FileWidth = 120
		$3.TabWidth = 4
		$3.EolMarker = Unix
		$3.inheritsSet = Mono
		$3.inheritsScope = text/plain
		$3.scope = text/plain
	EndGlobalSection

EndGlobal
