Microsoft Visual Studio Solution File, Format Version 11.00
# Visual Studio 2008

Project("{4ECDA322-09E3-A96C-6567-FE634BEAA167}") = "OniTheatre", "Assembly-CSharp-firstpass-vs.csproj", "{14647EB3-5B03-1151-2C59-9C59CDA76425}"
EndProject
Project("{4ECDA322-09E3-A96C-6567-FE634BEAA167}") = "OniTheatre", "Assembly-CSharp-vs.csproj", "{2E74AAE9-9ADD-FD73-A917-3601CA6979A4}"
EndProject
Global
	GlobalSection(SolutionConfigurationPlatforms) = preSolution
		Debug|Any CPU = Debug|Any CPU
		Release|Any CPU = Release|Any CPU
	EndGlobalSection
	GlobalSection(ProjectConfigurationPlatforms) = postSolution
		{14647EB3-5B03-1151-2C59-9C59CDA76425}.Debug|Any CPU.ActiveCfg = Debug|Any CPU
		{14647EB3-5B03-1151-2C59-9C59CDA76425}.Debug|Any CPU.Build.0 = Debug|Any CPU
		{14647EB3-5B03-1151-2C59-9C59CDA76425}.Release|Any CPU.ActiveCfg = Release|Any CPU
		{14647EB3-5B03-1151-2C59-9C59CDA76425}.Release|Any CPU.Build.0 = Release|Any CPU
		{2E74AAE9-9ADD-FD73-A917-3601CA6979A4}.Debug|Any CPU.ActiveCfg = Debug|Any CPU
		{2E74AAE9-9ADD-FD73-A917-3601CA6979A4}.Debug|Any CPU.Build.0 = Debug|Any CPU
		{2E74AAE9-9ADD-FD73-A917-3601CA6979A4}.Release|Any CPU.ActiveCfg = Release|Any CPU
		{2E74AAE9-9ADD-FD73-A917-3601CA6979A4}.Release|Any CPU.Build.0 = Release|Any CPU
	EndGlobalSection
	GlobalSection(SolutionProperties) = preSolution
		HideSolutionNode = FALSE
	EndGlobalSection
																												GlobalSection(MonoDevelopProperties) = preSolution
		StartupItem = Assembly-CSharp.csproj
		Policies = $0
		$0.TextStylePolicy = $1
		$1.inheritsSet = null
		$1.scope = text/x-csharp
		$0.CSharpFormattingPolicy = $2
		$2.inheritsSet = Mono
		$2.inheritsScope = text/x-csharp
		$2.scope = text/x-csharp
		$0.TextStylePolicy = $3
		$3.FileWidth = 120
		$3.TabWidth = 4
		$3.EolMarker = Unix
		$3.inheritsSet = Mono
		$3.inheritsScope = text/plain
		$3.scope = text/plain
	EndGlobalSection

EndGlobal
